// !$*UTF8*$!
{
	archiveVersion = 1;
	classes = {
	};
	objectVersion = 56;
	objects = {

/* Begin PBXBuildFile section */
		247E519413FC280AADEA3141 /* Pods_LXBSDK.framework in Frameworks */ = {isa = PBXBuildFile; fileRef = 17AEE0D2C39091E96A671D14 /* Pods_LXBSDK.framework */; };
		891C1D862B6907A7004AF32A /* LXBSDK.h in Headers */ = {isa = PBXBuildFile; fileRef = 891C1D852B6907A7004AF32A /* LXBSDK.h */; settings = {ATTRIBUTES = (Public, ); }; };
		891C1D942B6907D0004AF32A /* AppDelegate.m in Sources */ = {isa = PBXBuildFile; fileRef = 891C1D932B6907D0004AF32A /* AppDelegate.m */; };
		891C1D9A2B6907D0004AF32A /* ViewController.m in Sources */ = {isa = PBXBuildFile; fileRef = 891C1D992B6907D0004AF32A /* ViewController.m */; };
		891C1D9D2B6907D0004AF32A /* Main.storyboard in Resources */ = {isa = PBXBuildFile; fileRef = 891C1D9B2B6907D0004AF32A /* Main.storyboard */; };
		891C1D9F2B6907D1004AF32A /* Assets.xcassets in Resources */ = {isa = PBXBuildFile; fileRef = 891C1D9E2B6907D1004AF32A /* Assets.xcassets */; };
		891C1DA22B6907D1004AF32A /* LaunchScreen.storyboard in Resources */ = {isa = PBXBuildFile; fileRef = 891C1DA02B6907D1004AF32A /* LaunchScreen.storyboard */; };
		891C1DA52B6907D1004AF32A /* main.m in Sources */ = {isa = PBXBuildFile; fileRef = 891C1DA42B6907D1004AF32A /* main.m */; };
		891C1DAA2B6908A5004AF32A /* LXBSDK.framework in Frameworks */ = {isa = PBXBuildFile; fileRef = 891C1D822B6907A7004AF32A /* LXBSDK.framework */; };
		891C1DB42B690ABC004AF32A /* NetworkController.h in Headers */ = {isa = PBXBuildFile; fileRef = 891C1DB22B690ABC004AF32A /* NetworkController.h */; };
		891C1DB52B690ABC004AF32A /* NetworkController.m in Sources */ = {isa = PBXBuildFile; fileRef = 891C1DB32B690ABC004AF32A /* NetworkController.m */; };
		891C1DB82B690B6C004AF32A /* NetworkConfig.h in Headers */ = {isa = PBXBuildFile; fileRef = 891C1DB62B690B6C004AF32A /* NetworkConfig.h */; };
		891C1DBF2B690E74004AF32A /* UserCenterConfig.h in Headers */ = {isa = PBXBuildFile; fileRef = 891C1DBD2B690E74004AF32A /* UserCenterConfig.h */; };
		891C1DC42B690EC3004AF32A /* UserCenterController.h in Headers */ = {isa = PBXBuildFile; fileRef = 891C1DC22B690EC3004AF32A /* UserCenterController.h */; };
		891C1DC52B690EC3004AF32A /* UserCenterController.m in Sources */ = {isa = PBXBuildFile; fileRef = 891C1DC32B690EC3004AF32A /* UserCenterController.m */; };
		891C1DCA2B69123F004AF32A /* SDKController.h in Headers */ = {isa = PBXBuildFile; fileRef = 891C1DC82B69123F004AF32A /* SDKController.h */; settings = {ATTRIBUTES = (Public, ); }; };
		891C1DCB2B69123F004AF32A /* SDKController.m in Sources */ = {isa = PBXBuildFile; fileRef = 891C1DC92B69123F004AF32A /* SDKController.m */; };
		891C1DCF2B6915D4004AF32A /* ReqVisitor.h in Headers */ = {isa = PBXBuildFile; fileRef = 891C1DCD2B6915D4004AF32A /* ReqVisitor.h */; };
		891C1DD02B6915D4004AF32A /* ReqVisitor.m in Sources */ = {isa = PBXBuildFile; fileRef = 891C1DCE2B6915D4004AF32A /* ReqVisitor.m */; };
		891C1DEB2B6921C2004AF32A /* KeychainController.h in Headers */ = {isa = PBXBuildFile; fileRef = 891C1DE92B6921C2004AF32A /* KeychainController.h */; };
		891C1DEC2B6921C2004AF32A /* KeychainController.m in Sources */ = {isa = PBXBuildFile; fileRef = 891C1DEA2B6921C2004AF32A /* KeychainController.m */; };
		891C1DF12B692324004AF32A /* KeychainConfig.h in Headers */ = {isa = PBXBuildFile; fileRef = 891C1DEF2B692324004AF32A /* KeychainConfig.h */; };
		891C1DF22B692324004AF32A /* KeychainConfig.m in Sources */ = {isa = PBXBuildFile; fileRef = 891C1DF02B692324004AF32A /* KeychainConfig.m */; };
		891C1DF62B69E7D4004AF32A /* PostArgUtils.h in Headers */ = {isa = PBXBuildFile; fileRef = 891C1DF42B69E7D4004AF32A /* PostArgUtils.h */; };
		891C1DF72B69E7D4004AF32A /* PostArgUtils.m in Sources */ = {isa = PBXBuildFile; fileRef = 891C1DF52B69E7D4004AF32A /* PostArgUtils.m */; };
		8941CB9E2B6A31DB00DA9CA5 /* AFNet.h in Headers */ = {isa = PBXBuildFile; fileRef = 8941CB9C2B6A31DB00DA9CA5 /* AFNet.h */; };
		8941CB9F2B6A31DB00DA9CA5 /* AFNet.m in Sources */ = {isa = PBXBuildFile; fileRef = 8941CB9D2B6A31DB00DA9CA5 /* AFNet.m */; };
		8941CBA32B6A742800DA9CA5 /* BaseResponse.h in Headers */ = {isa = PBXBuildFile; fileRef = 8941CBA12B6A742800DA9CA5 /* BaseResponse.h */; };
		8941CBA42B6A742800DA9CA5 /* BaseResponse.m in Sources */ = {isa = PBXBuildFile; fileRef = 8941CBA22B6A742800DA9CA5 /* BaseResponse.m */; };
		8941CBA62B6B3DD500DA9CA5 /* PrefixHeader.pch in Headers */ = {isa = PBXBuildFile; fileRef = 8941CBA52B6B3DD500DA9CA5 /* PrefixHeader.pch */; };
		8941CBAD2B6B41AC00DA9CA5 /* ResVisitor.h in Headers */ = {isa = PBXBuildFile; fileRef = 8941CBAB2B6B41AC00DA9CA5 /* ResVisitor.h */; };
		8941CBAE2B6B41AC00DA9CA5 /* ResVisitor.m in Sources */ = {isa = PBXBuildFile; fileRef = 8941CBAC2B6B41AC00DA9CA5 /* ResVisitor.m */; };
		8941CBB12B6B4BAD00DA9CA5 /* ThirdUserInfo.h in Headers */ = {isa = PBXBuildFile; fileRef = 8941CBAF2B6B4BAD00DA9CA5 /* ThirdUserInfo.h */; };
		8941CBB22B6B4BAD00DA9CA5 /* ThirdUserInfo.m in Sources */ = {isa = PBXBuildFile; fileRef = 8941CBB02B6B4BAD00DA9CA5 /* ThirdUserInfo.m */; };
		8941CBB62B6B527800DA9CA5 /* DataHub.h in Headers */ = {isa = PBXBuildFile; fileRef = 8941CBB42B6B527800DA9CA5 /* DataHub.h */; };
		8941CBB72B6B527800DA9CA5 /* DataHub.m in Sources */ = {isa = PBXBuildFile; fileRef = 8941CBB52B6B527800DA9CA5 /* DataHub.m */; };
		8941CBBC2B6B6E3B00DA9CA5 /* PayController.h in Headers */ = {isa = PBXBuildFile; fileRef = 8941CBBA2B6B6E3B00DA9CA5 /* PayController.h */; };
		8941CBBD2B6B6E3B00DA9CA5 /* PayController.m in Sources */ = {isa = PBXBuildFile; fileRef = 8941CBBB2B6B6E3B00DA9CA5 /* PayController.m */; };
		8941CBC22B6B6EA600DA9CA5 /* PayConfig.h in Headers */ = {isa = PBXBuildFile; fileRef = 8941CBC02B6B6EA600DA9CA5 /* PayConfig.h */; };
		8941CBC32B6B6EA600DA9CA5 /* PayConfig.m in Sources */ = {isa = PBXBuildFile; fileRef = 8941CBC12B6B6EA600DA9CA5 /* PayConfig.m */; };
		8941CBC62B6B6F3800DA9CA5 /* ReqPayCreate.h in Headers */ = {isa = PBXBuildFile; fileRef = 8941CBC42B6B6F3800DA9CA5 /* ReqPayCreate.h */; };
		8941CBC72B6B6F3800DA9CA5 /* ReqPayCreate.m in Sources */ = {isa = PBXBuildFile; fileRef = 8941CBC52B6B6F3800DA9CA5 /* ReqPayCreate.m */; };
		8941CBCA2B6B708100DA9CA5 /* ResPayCreate.h in Headers */ = {isa = PBXBuildFile; fileRef = 8941CBC82B6B708100DA9CA5 /* ResPayCreate.h */; };
		8941CBCB2B6B708100DA9CA5 /* ResPayCreate.m in Sources */ = {isa = PBXBuildFile; fileRef = 8941CBC92B6B708100DA9CA5 /* ResPayCreate.m */; };
		8941CBCE2B6B9DD800DA9CA5 /* CustomResponseSerializer.h in Headers */ = {isa = PBXBuildFile; fileRef = 8941CBCC2B6B9DD800DA9CA5 /* CustomResponseSerializer.h */; };
		8941CBCF2B6B9DD800DA9CA5 /* CustomResponseSerializer.m in Sources */ = {isa = PBXBuildFile; fileRef = 8941CBCD2B6B9DD800DA9CA5 /* CustomResponseSerializer.m */; };
		8941CBD32B6BA02100DA9CA5 /* MSNetwork.m in Sources */ = {isa = PBXBuildFile; fileRef = 8941CBD12B6BA02100DA9CA5 /* MSNetwork.m */; };
		8941CBD42B6BA02100DA9CA5 /* MSNetwork.h in Headers */ = {isa = PBXBuildFile; fileRef = 8941CBD22B6BA02100DA9CA5 /* MSNetwork.h */; };
		8941CBDA2B6BA22400DA9CA5 /* RealNameController.h in Headers */ = {isa = PBXBuildFile; fileRef = 8941CBD82B6BA22400DA9CA5 /* RealNameController.h */; };
		8941CBDB2B6BA22400DA9CA5 /* RealNameController.m in Sources */ = {isa = PBXBuildFile; fileRef = 8941CBD92B6BA22400DA9CA5 /* RealNameController.m */; };
		8941CBDF2B6BA2B900DA9CA5 /* RealNameConfig.h in Headers */ = {isa = PBXBuildFile; fileRef = 8941CBDD2B6BA2B900DA9CA5 /* RealNameConfig.h */; };
		8941CBE02B6BA2B900DA9CA5 /* RealNameConfig.m in Sources */ = {isa = PBXBuildFile; fileRef = 8941CBDE2B6BA2B900DA9CA5 /* RealNameConfig.m */; };
		8941CBE32B6BA2D400DA9CA5 /* ReqRealName.h in Headers */ = {isa = PBXBuildFile; fileRef = 8941CBE12B6BA2D400DA9CA5 /* ReqRealName.h */; };
		8941CBE42B6BA2D400DA9CA5 /* ReqRealName.m in Sources */ = {isa = PBXBuildFile; fileRef = 8941CBE22B6BA2D400DA9CA5 /* ReqRealName.m */; };
		8941CBE72B6BA2E000DA9CA5 /* ResRealName.h in Headers */ = {isa = PBXBuildFile; fileRef = 8941CBE52B6BA2E000DA9CA5 /* ResRealName.h */; };
		8941CBE82B6BA2E000DA9CA5 /* ResRealName.m in Sources */ = {isa = PBXBuildFile; fileRef = 8941CBE62B6BA2E000DA9CA5 /* ResRealName.m */; };
		8941CBEA2B6BC1D700DA9CA5 /* StoreKit.framework in Frameworks */ = {isa = PBXBuildFile; fileRef = 8941CBE92B6BC1D700DA9CA5 /* StoreKit.framework */; };
		89A814242B833F34001177D1 /* ChangeAccountView.h in Headers */ = {isa = PBXBuildFile; fileRef = 89A814222B833F34001177D1 /* ChangeAccountView.h */; };
		89A814252B833F34001177D1 /* ChangeAccountView.m in Sources */ = {isa = PBXBuildFile; fileRef = 89A814232B833F34001177D1 /* ChangeAccountView.m */; };
		89A814292B835711001177D1 /* ChangeAccWarperView.h in Headers */ = {isa = PBXBuildFile; fileRef = 89A814272B835711001177D1 /* ChangeAccWarperView.h */; };
		89A8142A2B835711001177D1 /* ChangeAccWarperView.m in Sources */ = {isa = PBXBuildFile; fileRef = 89A814282B835711001177D1 /* ChangeAccWarperView.m */; };
		89A8142D2B837967001177D1 /* DeleteAccountView.h in Headers */ = {isa = PBXBuildFile; fileRef = 89A8142B2B837967001177D1 /* DeleteAccountView.h */; };
		89A8142E2B837967001177D1 /* DeleteAccountView.m in Sources */ = {isa = PBXBuildFile; fileRef = 89A8142C2B837967001177D1 /* DeleteAccountView.m */; };
		89A814312B845341001177D1 /* DeleteWarperView.h in Headers */ = {isa = PBXBuildFile; fileRef = 89A8142F2B845341001177D1 /* DeleteWarperView.h */; };
		89A814322B845341001177D1 /* DeleteWarperView.m in Sources */ = {isa = PBXBuildFile; fileRef = 89A814302B845341001177D1 /* DeleteWarperView.m */; };
		89A814352B845F04001177D1 /* DeleteAccConfirmView.h in Headers */ = {isa = PBXBuildFile; fileRef = 89A814332B845F04001177D1 /* DeleteAccConfirmView.h */; };
		89A814362B845F04001177D1 /* DeleteAccConfirmView.m in Sources */ = {isa = PBXBuildFile; fileRef = 89A814342B845F04001177D1 /* DeleteAccConfirmView.m */; };
		89A814392B84C1C8001177D1 /* ServiceAndPolicyView.h in Headers */ = {isa = PBXBuildFile; fileRef = 89A814372B84C1C8001177D1 /* ServiceAndPolicyView.h */; };
		89A8143A2B84C1C8001177D1 /* ServiceAndPolicyView.m in Sources */ = {isa = PBXBuildFile; fileRef = 89A814382B84C1C8001177D1 /* ServiceAndPolicyView.m */; };
		89A8143E2B85ABBC001177D1 /* LXBUITap.h in Headers */ = {isa = PBXBuildFile; fileRef = 89A8143C2B85ABBC001177D1 /* LXBUITap.h */; };
		89A8143F2B85ABBC001177D1 /* LXBUITap.m in Sources */ = {isa = PBXBuildFile; fileRef = 89A8143D2B85ABBC001177D1 /* LXBUITap.m */; };
		89A814422B85CAF2001177D1 /* TapDelegate.h in Headers */ = {isa = PBXBuildFile; fileRef = 89A814402B85CAF2001177D1 /* TapDelegate.h */; };
		89A814432B85CAF2001177D1 /* TapDelegate.m in Sources */ = {isa = PBXBuildFile; fileRef = 89A814412B85CAF2001177D1 /* TapDelegate.m */; };
		89A814462B85DDD8001177D1 /* LXBBaseView.h in Headers */ = {isa = PBXBuildFile; fileRef = 89A814442B85DDD8001177D1 /* LXBBaseView.h */; };
		89A814472B85DDD8001177D1 /* LXBBaseView.m in Sources */ = {isa = PBXBuildFile; fileRef = 89A814452B85DDD8001177D1 /* LXBBaseView.m */; };
		89A8144A2B862EBE001177D1 /* LXBWebView.h in Headers */ = {isa = PBXBuildFile; fileRef = 89A814482B862EBE001177D1 /* LXBWebView.h */; };
		89A8144B2B862EBE001177D1 /* LXBWebView.m in Sources */ = {isa = PBXBuildFile; fileRef = 89A814492B862EBE001177D1 /* LXBWebView.m */; };
		89A8144D2B86F75B001177D1 /* WebKit.framework in Frameworks */ = {isa = PBXBuildFile; fileRef = 89A8144C2B86F75B001177D1 /* WebKit.framework */; };
		89A8144E2B86F76A001177D1 /* WebKit.framework in Frameworks */ = {isa = PBXBuildFile; fileRef = 89A8144C2B86F75B001177D1 /* WebKit.framework */; };
		89A814652B876B6E001177D1 /* KeFuView.h in Headers */ = {isa = PBXBuildFile; fileRef = 89A814632B876B6E001177D1 /* KeFuView.h */; };
		89A814662B876B6E001177D1 /* KeFuView.m in Sources */ = {isa = PBXBuildFile; fileRef = 89A814642B876B6E001177D1 /* KeFuView.m */; };
		89B06DAC2B6E3DE200605573 /* NSObject+BLLog.h in Headers */ = {isa = PBXBuildFile; fileRef = 89B06DAA2B6E3DE200605573 /* NSObject+BLLog.h */; };
		89B06DAD2B6E3DE200605573 /* NSObject+BLLog.m in Sources */ = {isa = PBXBuildFile; fileRef = 89B06DAB2B6E3DE200605573 /* NSObject+BLLog.m */; };
		89CD6AFE2BA054020051B2BB /* GoogleMobileAdsConsentManager.m in Sources */ = {isa = PBXBuildFile; fileRef = 89CD6AFA2BA054020051B2BB /* GoogleMobileAdsConsentManager.m */; };
		89CD6AFF2BA054020051B2BB /* GoogleAdWarper.m in Sources */ = {isa = PBXBuildFile; fileRef = 89CD6AFB2BA054020051B2BB /* GoogleAdWarper.m */; };
		89CD6B002BA054020051B2BB /* GoogleMobileAdsConsentManager.h in Headers */ = {isa = PBXBuildFile; fileRef = 89CD6AFC2BA054020051B2BB /* GoogleMobileAdsConsentManager.h */; };
		89CD6B012BA054020051B2BB /* GoogleAdWarper.h in Headers */ = {isa = PBXBuildFile; fileRef = 89CD6AFD2BA054020051B2BB /* GoogleAdWarper.h */; };
		89CD6B042BA0568C0051B2BB /* LXBADInfo.h in Headers */ = {isa = PBXBuildFile; fileRef = 89CD6B022BA0568C0051B2BB /* LXBADInfo.h */; settings = {ATTRIBUTES = (Public, ); }; };
		89CD6B052BA0568C0051B2BB /* LXBADInfo.m in Sources */ = {isa = PBXBuildFile; fileRef = 89CD6B032BA0568C0051B2BB /* LXBADInfo.m */; };
		89CD6B092BA17EAA0051B2BB /* SDKModel.h in Headers */ = {isa = PBXBuildFile; fileRef = 89CD6B072BA17EAA0051B2BB /* SDKModel.h */; };
		89CD6B0A2BA17EAA0051B2BB /* SDKModel.m in Sources */ = {isa = PBXBuildFile; fileRef = 89CD6B082BA17EAA0051B2BB /* SDKModel.m */; };
		89CD6B0D2BA197AB0051B2BB /* LXBTestView.h in Headers */ = {isa = PBXBuildFile; fileRef = 89CD6B0B2BA197AB0051B2BB /* LXBTestView.h */; };
		89CD6B0E2BA197AB0051B2BB /* LXBTestView.m in Sources */ = {isa = PBXBuildFile; fileRef = 89CD6B0C2BA197AB0051B2BB /* LXBTestView.m */; };
		89CD6B122BA1A0DF0051B2BB /* ViewHub.h in Headers */ = {isa = PBXBuildFile; fileRef = 89CD6B102BA1A0DF0051B2BB /* ViewHub.h */; };
		89CD6B132BA1A0DF0051B2BB /* ViewHub.m in Sources */ = {isa = PBXBuildFile; fileRef = 89CD6B112BA1A0DF0051B2BB /* ViewHub.m */; };
		89CD6B182BA1A5630051B2BB /* LoginController.h in Headers */ = {isa = PBXBuildFile; fileRef = 89CD6B162BA1A5630051B2BB /* LoginController.h */; };
		89CD6B192BA1A5630051B2BB /* LoginController.m in Sources */ = {isa = PBXBuildFile; fileRef = 89CD6B172BA1A5630051B2BB /* LoginController.m */; };
		89CD6B1D2BA1C9B50051B2BB /* GoogleLoginController.h in Headers */ = {isa = PBXBuildFile; fileRef = 89CD6B1B2BA1C9B50051B2BB /* GoogleLoginController.h */; };
		89CD6B1E2BA1C9B50051B2BB /* GoogleLoginController.m in Sources */ = {isa = PBXBuildFile; fileRef = 89CD6B1C2BA1C9B50051B2BB /* GoogleLoginController.m */; };
		89CD6B372BA2A4D30051B2BB /* FacebookLoginController.h in Headers */ = {isa = PBXBuildFile; fileRef = 89CD6B352BA2A4D30051B2BB /* FacebookLoginController.h */; };
		89CD6B382BA2A4D30051B2BB /* FacebookLoginController.m in Sources */ = {isa = PBXBuildFile; fileRef = 89CD6B362BA2A4D30051B2BB /* FacebookLoginController.m */; };
		89CD6B8E2BA69AD80051B2BB /* SDKArg.h in Headers */ = {isa = PBXBuildFile; fileRef = 89CD6B8C2BA69AD80051B2BB /* SDKArg.h */; };
		89CD6B8F2BA69AD80051B2BB /* SDKArg.m in Sources */ = {isa = PBXBuildFile; fileRef = 89CD6B8D2BA69AD80051B2BB /* SDKArg.m */; };
		89CD6BB12BA7F14E0051B2BB /* AdjustController.h in Headers */ = {isa = PBXBuildFile; fileRef = 89CD6BAF2BA7F14E0051B2BB /* AdjustController.h */; };
		89CD6BB22BA7F14E0051B2BB /* AdjustController.m in Sources */ = {isa = PBXBuildFile; fileRef = 89CD6BB02BA7F14E0051B2BB /* AdjustController.m */; };
		89CD6BB42BA8353B0051B2BB /* AdSupport.framework in Frameworks */ = {isa = PBXBuildFile; fileRef = 89CD6BB32BA8353A0051B2BB /* AdSupport.framework */; settings = {ATTRIBUTES = (Weak, ); }; };
		89CD6BB62BA835490051B2BB /* AdServices.framework in Frameworks */ = {isa = PBXBuildFile; fileRef = 89CD6BB52BA835490051B2BB /* AdServices.framework */; settings = {ATTRIBUTES = (Weak, ); }; };
		89CD6BB72BA835640051B2BB /* StoreKit.framework in Frameworks */ = {isa = PBXBuildFile; fileRef = 8941CBE92B6BC1D700DA9CA5 /* StoreKit.framework */; settings = {ATTRIBUTES = (Weak, ); }; };
		89CD6BB92BA8356F0051B2BB /* AppTrackingTransparency.framework in Frameworks */ = {isa = PBXBuildFile; fileRef = 89CD6BB82BA8356F0051B2BB /* AppTrackingTransparency.framework */; settings = {ATTRIBUTES = (Weak, ); }; };
		89E9F5B12BA98B75004C5B5B /* FirebaseController.m in Sources */ = {isa = PBXBuildFile; fileRef = 89E9F5B02BA98B75004C5B5B /* FirebaseController.m */; };
		89E9F5B22BA98B75004C5B5B /* FirebaseController.h in Headers */ = {isa = PBXBuildFile; fileRef = 89E9F5AF2BA98B75004C5B5B /* FirebaseController.h */; };
		89E9F5B42BAA9AFA004C5B5B /* GoogleService-Info.plist in Resources */ = {isa = PBXBuildFile; fileRef = 89E9F5B32BAA9AFA004C5B5B /* GoogleService-Info.plist */; };
		89EFAF312B6F859D00F13986 /* ReqPayValidate.h in Headers */ = {isa = PBXBuildFile; fileRef = 89EFAF2F2B6F859D00F13986 /* ReqPayValidate.h */; };
		89EFAF322B6F859D00F13986 /* ReqPayValidate.m in Sources */ = {isa = PBXBuildFile; fileRef = 89EFAF302B6F859D00F13986 /* ReqPayValidate.m */; };
		89EFAF352B6F85B400F13986 /* ResPayValidate.h in Headers */ = {isa = PBXBuildFile; fileRef = 89EFAF332B6F85B400F13986 /* ResPayValidate.h */; };
		89EFAF362B6F85B400F13986 /* ResPayValidate.m in Sources */ = {isa = PBXBuildFile; fileRef = 89EFAF342B6F85B400F13986 /* ResPayValidate.m */; };
		89EFAF4A2B7082EF00F13986 /* AppleLoginController.h in Headers */ = {isa = PBXBuildFile; fileRef = 89EFAF482B7082EF00F13986 /* AppleLoginController.h */; };
		89EFAF4B2B7082EF00F13986 /* AppleLoginController.m in Sources */ = {isa = PBXBuildFile; fileRef = 89EFAF492B7082EF00F13986 /* AppleLoginController.m */; };
		89EFAF4D2B70836700F13986 /* AuthenticationServices.framework in Frameworks */ = {isa = PBXBuildFile; fileRef = 89EFAF4C2B70836700F13986 /* AuthenticationServices.framework */; };
		89EFAF502B70B62600F13986 /* ReqAutoLogin.h in Headers */ = {isa = PBXBuildFile; fileRef = 89EFAF4E2B70B62600F13986 /* ReqAutoLogin.h */; };
		89EFAF512B70B62600F13986 /* ReqAutoLogin.m in Sources */ = {isa = PBXBuildFile; fileRef = 89EFAF4F2B70B62600F13986 /* ReqAutoLogin.m */; };
		89EFAF582B70C78A00F13986 /* ReqOverseaBind.h in Headers */ = {isa = PBXBuildFile; fileRef = 89EFAF562B70C78A00F13986 /* ReqOverseaBind.h */; };
		89EFAF592B70C78A00F13986 /* ReqOverseaBind.m in Sources */ = {isa = PBXBuildFile; fileRef = 89EFAF572B70C78A00F13986 /* ReqOverseaBind.m */; };
		89EFAF5C2B70CCF100F13986 /* BindExtend.h in Headers */ = {isa = PBXBuildFile; fileRef = 89EFAF5A2B70CCF100F13986 /* BindExtend.h */; };
		89EFAF5D2B70CCF100F13986 /* BindExtend.m in Sources */ = {isa = PBXBuildFile; fileRef = 89EFAF5B2B70CCF100F13986 /* BindExtend.m */; };
		89EFAF622B70E36300F13986 /* BaseConfig.h in Headers */ = {isa = PBXBuildFile; fileRef = 89EFAF602B70E36300F13986 /* BaseConfig.h */; };
		89EFAF632B70E36300F13986 /* BaseConfig.m in Sources */ = {isa = PBXBuildFile; fileRef = 89EFAF612B70E36300F13986 /* BaseConfig.m */; };
		89EFAF662B70E6DA00F13986 /* ReqThirdPartyLogin.h in Headers */ = {isa = PBXBuildFile; fileRef = 89EFAF642B70E6DA00F13986 /* ReqThirdPartyLogin.h */; };
		89EFAF672B70E6DA00F13986 /* ReqThirdPartyLogin.m in Sources */ = {isa = PBXBuildFile; fileRef = 89EFAF652B70E6DA00F13986 /* ReqThirdPartyLogin.m */; };
		89EFAF692B70FDC200F13986 /* LxbBundle.bundle in Resources */ = {isa = PBXBuildFile; fileRef = 89EFAF682B70FDC200F13986 /* LxbBundle.bundle */; };
		89EFAF762B71D55000F13986 /* UserCenterView.h in Headers */ = {isa = PBXBuildFile; fileRef = 89EFAF742B71D55000F13986 /* UserCenterView.h */; };
		89EFAF772B71D55000F13986 /* UserCenterView.m in Sources */ = {isa = PBXBuildFile; fileRef = 89EFAF752B71D55000F13986 /* UserCenterView.m */; };
		89EFAF7F2B71E25500F13986 /* LXBHelper.h in Headers */ = {isa = PBXBuildFile; fileRef = 89EFAF7D2B71E25500F13986 /* LXBHelper.h */; };
		89EFAF802B71E25500F13986 /* LXBHelper.m in Sources */ = {isa = PBXBuildFile; fileRef = 89EFAF7E2B71E25500F13986 /* LXBHelper.m */; };
		89EFAFB02B721C6A00F13986 /* LXBScreen.h in Headers */ = {isa = PBXBuildFile; fileRef = 89EFAFAE2B721C6A00F13986 /* LXBScreen.h */; };
		89EFAFB12B721C6A00F13986 /* LXBScreen.m in Sources */ = {isa = PBXBuildFile; fileRef = 89EFAFAF2B721C6A00F13986 /* LXBScreen.m */; };
		89EFAFE92B72877C00F13986 /* U8SDK_Language.bundle in Resources */ = {isa = PBXBuildFile; fileRef = 89EFAFE82B72877C00F13986 /* U8SDK_Language.bundle */; };
		89EFAFEC2B7287F400F13986 /* U8Language.h in Headers */ = {isa = PBXBuildFile; fileRef = 89EFAFEA2B7287F300F13986 /* U8Language.h */; };
		89EFAFED2B7287F400F13986 /* U8Language.m in Sources */ = {isa = PBXBuildFile; fileRef = 89EFAFEB2B7287F400F13986 /* U8Language.m */; };
		89EFAFF02B72887A00F13986 /* NSString+Handle.h in Headers */ = {isa = PBXBuildFile; fileRef = 89EFAFEE2B72887A00F13986 /* NSString+Handle.h */; };
		89EFAFF12B72887A00F13986 /* NSString+Handle.m in Sources */ = {isa = PBXBuildFile; fileRef = 89EFAFEF2B72887A00F13986 /* NSString+Handle.m */; };
		89EFB0402B8305EC00F13986 /* LXBConfig.h in Headers */ = {isa = PBXBuildFile; fileRef = 89EFB03E2B8305EC00F13986 /* LXBConfig.h */; settings = {ATTRIBUTES = (Public, ); }; };
		89EFB0412B8305EC00F13986 /* LXBConfig.m in Sources */ = {isa = PBXBuildFile; fileRef = 89EFB03F2B8305EC00F13986 /* LXBConfig.m */; };
		CEADAC7A2B7A3B7C00C34569 /* BindAccView.h in Headers */ = {isa = PBXBuildFile; fileRef = CEADAC782B7A3B7C00C34569 /* BindAccView.h */; };
		CEADAC7B2B7A3B7C00C34569 /* BindAccView.m in Sources */ = {isa = PBXBuildFile; fileRef = CEADAC792B7A3B7C00C34569 /* BindAccView.m */; };
		CEADAC7E2B7A3BC300C34569 /* LXBLogicView.h in Headers */ = {isa = PBXBuildFile; fileRef = CEADAC7C2B7A3BC300C34569 /* LXBLogicView.h */; };
		CEADAC7F2B7A3BC300C34569 /* LXBLogicView.m in Sources */ = {isa = PBXBuildFile; fileRef = CEADAC7D2B7A3BC300C34569 /* LXBLogicView.m */; };
		CEADACBD2BA59BF300C34569 /* LXBToast.h in Headers */ = {isa = PBXBuildFile; fileRef = CEADACBB2BA59BF300C34569 /* LXBToast.h */; };
		CEADACBF2BA59BFF00C34569 /* LXBToast.m in Sources */ = {isa = PBXBuildFile; fileRef = CEADACBA2BA59BF200C34569 /* LXBToast.m */; };
		FFB512BDA3A6E25301A726DA /* Pods_TestDemo.framework in Frameworks */ = {isa = PBXBuildFile; fileRef = BADE1CE4487ABAEF2D87E922 /* Pods_TestDemo.framework */; settings = {ATTRIBUTES = (Required, ); }; };
/* End PBXBuildFile section */

/* Begin PBXContainerItemProxy section */
		891C1DAC2B6908A5004AF32A /* PBXContainerItemProxy */ = {
			isa = PBXContainerItemProxy;
			containerPortal = 891C1D792B6907A7004AF32A /* Project object */;
			proxyType = 1;
			remoteGlobalIDString = 891C1D812B6907A7004AF32A;
			remoteInfo = LXBSDK;
		};
/* End PBXContainerItemProxy section */

/* Begin PBXFileReference section */
		17AEE0D2C39091E96A671D14 /* Pods_LXBSDK.framework */ = {isa = PBXFileReference; explicitFileType = wrapper.framework; includeInIndex = 0; path = Pods_LXBSDK.framework; sourceTree = BUILT_PRODUCTS_DIR; };
		371C3261880401D51EA82E65 /* Pods-TestDemo.debug.xcconfig */ = {isa = PBXFileReference; includeInIndex = 1; lastKnownFileType = text.xcconfig; name = "Pods-TestDemo.debug.xcconfig"; path = "Target Support Files/Pods-TestDemo/Pods-TestDemo.debug.xcconfig"; sourceTree = "<group>"; };
		63792BEA1EA7954C6084CBDD /* Pods-TestDemo.release.xcconfig */ = {isa = PBXFileReference; includeInIndex = 1; lastKnownFileType = text.xcconfig; name = "Pods-TestDemo.release.xcconfig"; path = "Target Support Files/Pods-TestDemo/Pods-TestDemo.release.xcconfig"; sourceTree = "<group>"; };
		891C1D822B6907A7004AF32A /* LXBSDK.framework */ = {isa = PBXFileReference; explicitFileType = wrapper.framework; includeInIndex = 0; path = LXBSDK.framework; sourceTree = BUILT_PRODUCTS_DIR; };
		891C1D852B6907A7004AF32A /* LXBSDK.h */ = {isa = PBXFileReference; lastKnownFileType = sourcecode.c.h; path = LXBSDK.h; sourceTree = "<group>"; };
		891C1D902B6907D0004AF32A /* TestDemo.app */ = {isa = PBXFileReference; explicitFileType = wrapper.application; includeInIndex = 0; path = TestDemo.app; sourceTree = BUILT_PRODUCTS_DIR; };
		891C1D922B6907D0004AF32A /* AppDelegate.h */ = {isa = PBXFileReference; lastKnownFileType = sourcecode.c.h; path = AppDelegate.h; sourceTree = "<group>"; };
		891C1D932B6907D0004AF32A /* AppDelegate.m */ = {isa = PBXFileReference; lastKnownFileType = sourcecode.c.objc; path = AppDelegate.m; sourceTree = "<group>"; };
		891C1D982B6907D0004AF32A /* ViewController.h */ = {isa = PBXFileReference; lastKnownFileType = sourcecode.c.h; path = ViewController.h; sourceTree = "<group>"; };
		891C1D992B6907D0004AF32A /* ViewController.m */ = {isa = PBXFileReference; lastKnownFileType = sourcecode.c.objc; path = ViewController.m; sourceTree = "<group>"; };
		891C1D9C2B6907D0004AF32A /* Base */ = {isa = PBXFileReference; lastKnownFileType = file.storyboard; name = Base; path = Base.lproj/Main.storyboard; sourceTree = "<group>"; };
		891C1D9E2B6907D1004AF32A /* Assets.xcassets */ = {isa = PBXFileReference; lastKnownFileType = folder.assetcatalog; path = Assets.xcassets; sourceTree = "<group>"; };
		891C1DA12B6907D1004AF32A /* Base */ = {isa = PBXFileReference; lastKnownFileType = file.storyboard; name = Base; path = Base.lproj/LaunchScreen.storyboard; sourceTree = "<group>"; };
		891C1DA32B6907D1004AF32A /* Info.plist */ = {isa = PBXFileReference; lastKnownFileType = text.plist.xml; path = Info.plist; sourceTree = "<group>"; };
		891C1DA42B6907D1004AF32A /* main.m */ = {isa = PBXFileReference; lastKnownFileType = sourcecode.c.objc; path = main.m; sourceTree = "<group>"; };
		891C1DB22B690ABC004AF32A /* NetworkController.h */ = {isa = PBXFileReference; lastKnownFileType = sourcecode.c.h; path = NetworkController.h; sourceTree = "<group>"; };
		891C1DB32B690ABC004AF32A /* NetworkController.m */ = {isa = PBXFileReference; lastKnownFileType = sourcecode.c.objc; path = NetworkController.m; sourceTree = "<group>"; };
		891C1DB62B690B6C004AF32A /* NetworkConfig.h */ = {isa = PBXFileReference; lastKnownFileType = sourcecode.c.h; path = NetworkConfig.h; sourceTree = "<group>"; };
		891C1DBD2B690E74004AF32A /* UserCenterConfig.h */ = {isa = PBXFileReference; lastKnownFileType = sourcecode.c.h; name = UserCenterConfig.h; path = LXBSDK/UserCenter/Cfg/UserCenterConfig.h; sourceTree = SOURCE_ROOT; };
		891C1DC22B690EC3004AF32A /* UserCenterController.h */ = {isa = PBXFileReference; lastKnownFileType = sourcecode.c.h; path = UserCenterController.h; sourceTree = "<group>"; };
		891C1DC32B690EC3004AF32A /* UserCenterController.m */ = {isa = PBXFileReference; lastKnownFileType = sourcecode.c.objc; path = UserCenterController.m; sourceTree = "<group>"; };
		891C1DC82B69123F004AF32A /* SDKController.h */ = {isa = PBXFileReference; lastKnownFileType = sourcecode.c.h; path = SDKController.h; sourceTree = "<group>"; };
		891C1DC92B69123F004AF32A /* SDKController.m */ = {isa = PBXFileReference; lastKnownFileType = sourcecode.c.objc; path = SDKController.m; sourceTree = "<group>"; };
		891C1DCD2B6915D4004AF32A /* ReqVisitor.h */ = {isa = PBXFileReference; lastKnownFileType = sourcecode.c.h; path = ReqVisitor.h; sourceTree = "<group>"; };
		891C1DCE2B6915D4004AF32A /* ReqVisitor.m */ = {isa = PBXFileReference; lastKnownFileType = sourcecode.c.objc; path = ReqVisitor.m; sourceTree = "<group>"; };
		891C1DE92B6921C2004AF32A /* KeychainController.h */ = {isa = PBXFileReference; lastKnownFileType = sourcecode.c.h; path = KeychainController.h; sourceTree = "<group>"; };
		891C1DEA2B6921C2004AF32A /* KeychainController.m */ = {isa = PBXFileReference; lastKnownFileType = sourcecode.c.objc; path = KeychainController.m; sourceTree = "<group>"; };
		891C1DEF2B692324004AF32A /* KeychainConfig.h */ = {isa = PBXFileReference; lastKnownFileType = sourcecode.c.h; path = KeychainConfig.h; sourceTree = "<group>"; };
		891C1DF02B692324004AF32A /* KeychainConfig.m */ = {isa = PBXFileReference; lastKnownFileType = sourcecode.c.objc; path = KeychainConfig.m; sourceTree = "<group>"; };
		891C1DF42B69E7D4004AF32A /* PostArgUtils.h */ = {isa = PBXFileReference; lastKnownFileType = sourcecode.c.h; path = PostArgUtils.h; sourceTree = "<group>"; };
		891C1DF52B69E7D4004AF32A /* PostArgUtils.m */ = {isa = PBXFileReference; lastKnownFileType = sourcecode.c.objc; path = PostArgUtils.m; sourceTree = "<group>"; };
		8941CB9C2B6A31DB00DA9CA5 /* AFNet.h */ = {isa = PBXFileReference; lastKnownFileType = sourcecode.c.h; path = AFNet.h; sourceTree = "<group>"; };
		8941CB9D2B6A31DB00DA9CA5 /* AFNet.m */ = {isa = PBXFileReference; lastKnownFileType = sourcecode.c.objc; path = AFNet.m; sourceTree = "<group>"; };
		8941CBA12B6A742800DA9CA5 /* BaseResponse.h */ = {isa = PBXFileReference; lastKnownFileType = sourcecode.c.h; path = BaseResponse.h; sourceTree = "<group>"; };
		8941CBA22B6A742800DA9CA5 /* BaseResponse.m */ = {isa = PBXFileReference; lastKnownFileType = sourcecode.c.objc; path = BaseResponse.m; sourceTree = "<group>"; };
		8941CBA52B6B3DD500DA9CA5 /* PrefixHeader.pch */ = {isa = PBXFileReference; lastKnownFileType = sourcecode.c.h; path = PrefixHeader.pch; sourceTree = "<group>"; };
		8941CBAB2B6B41AC00DA9CA5 /* ResVisitor.h */ = {isa = PBXFileReference; lastKnownFileType = sourcecode.c.h; path = ResVisitor.h; sourceTree = "<group>"; };
		8941CBAC2B6B41AC00DA9CA5 /* ResVisitor.m */ = {isa = PBXFileReference; lastKnownFileType = sourcecode.c.objc; path = ResVisitor.m; sourceTree = "<group>"; };
		8941CBAF2B6B4BAD00DA9CA5 /* ThirdUserInfo.h */ = {isa = PBXFileReference; lastKnownFileType = sourcecode.c.h; path = ThirdUserInfo.h; sourceTree = "<group>"; };
		8941CBB02B6B4BAD00DA9CA5 /* ThirdUserInfo.m */ = {isa = PBXFileReference; lastKnownFileType = sourcecode.c.objc; path = ThirdUserInfo.m; sourceTree = "<group>"; };
		8941CBB42B6B527800DA9CA5 /* DataHub.h */ = {isa = PBXFileReference; lastKnownFileType = sourcecode.c.h; path = DataHub.h; sourceTree = "<group>"; };
		8941CBB52B6B527800DA9CA5 /* DataHub.m */ = {isa = PBXFileReference; lastKnownFileType = sourcecode.c.objc; path = DataHub.m; sourceTree = "<group>"; };
		8941CBBA2B6B6E3B00DA9CA5 /* PayController.h */ = {isa = PBXFileReference; lastKnownFileType = sourcecode.c.h; path = PayController.h; sourceTree = "<group>"; };
		8941CBBB2B6B6E3B00DA9CA5 /* PayController.m */ = {isa = PBXFileReference; lastKnownFileType = sourcecode.c.objc; path = PayController.m; sourceTree = "<group>"; };
		8941CBC02B6B6EA600DA9CA5 /* PayConfig.h */ = {isa = PBXFileReference; lastKnownFileType = sourcecode.c.h; path = PayConfig.h; sourceTree = "<group>"; };
		8941CBC12B6B6EA600DA9CA5 /* PayConfig.m */ = {isa = PBXFileReference; lastKnownFileType = sourcecode.c.objc; path = PayConfig.m; sourceTree = "<group>"; };
		8941CBC42B6B6F3800DA9CA5 /* ReqPayCreate.h */ = {isa = PBXFileReference; lastKnownFileType = sourcecode.c.h; path = ReqPayCreate.h; sourceTree = "<group>"; };
		8941CBC52B6B6F3800DA9CA5 /* ReqPayCreate.m */ = {isa = PBXFileReference; lastKnownFileType = sourcecode.c.objc; path = ReqPayCreate.m; sourceTree = "<group>"; };
		8941CBC82B6B708100DA9CA5 /* ResPayCreate.h */ = {isa = PBXFileReference; lastKnownFileType = sourcecode.c.h; path = ResPayCreate.h; sourceTree = "<group>"; };
		8941CBC92B6B708100DA9CA5 /* ResPayCreate.m */ = {isa = PBXFileReference; lastKnownFileType = sourcecode.c.objc; path = ResPayCreate.m; sourceTree = "<group>"; };
		8941CBCC2B6B9DD800DA9CA5 /* CustomResponseSerializer.h */ = {isa = PBXFileReference; lastKnownFileType = sourcecode.c.h; path = CustomResponseSerializer.h; sourceTree = "<group>"; };
		8941CBCD2B6B9DD800DA9CA5 /* CustomResponseSerializer.m */ = {isa = PBXFileReference; lastKnownFileType = sourcecode.c.objc; path = CustomResponseSerializer.m; sourceTree = "<group>"; };
		8941CBD12B6BA02100DA9CA5 /* MSNetwork.m */ = {isa = PBXFileReference; fileEncoding = 4; lastKnownFileType = sourcecode.c.objc; path = MSNetwork.m; sourceTree = "<group>"; };
		8941CBD22B6BA02100DA9CA5 /* MSNetwork.h */ = {isa = PBXFileReference; fileEncoding = 4; lastKnownFileType = sourcecode.c.h; path = MSNetwork.h; sourceTree = "<group>"; };
		8941CBD82B6BA22400DA9CA5 /* RealNameController.h */ = {isa = PBXFileReference; lastKnownFileType = sourcecode.c.h; path = RealNameController.h; sourceTree = "<group>"; };
		8941CBD92B6BA22400DA9CA5 /* RealNameController.m */ = {isa = PBXFileReference; lastKnownFileType = sourcecode.c.objc; path = RealNameController.m; sourceTree = "<group>"; };
		8941CBDD2B6BA2B900DA9CA5 /* RealNameConfig.h */ = {isa = PBXFileReference; lastKnownFileType = sourcecode.c.h; path = RealNameConfig.h; sourceTree = "<group>"; };
		8941CBDE2B6BA2B900DA9CA5 /* RealNameConfig.m */ = {isa = PBXFileReference; lastKnownFileType = sourcecode.c.objc; path = RealNameConfig.m; sourceTree = "<group>"; };
		8941CBE12B6BA2D400DA9CA5 /* ReqRealName.h */ = {isa = PBXFileReference; lastKnownFileType = sourcecode.c.h; path = ReqRealName.h; sourceTree = "<group>"; };
		8941CBE22B6BA2D400DA9CA5 /* ReqRealName.m */ = {isa = PBXFileReference; lastKnownFileType = sourcecode.c.objc; path = ReqRealName.m; sourceTree = "<group>"; };
		8941CBE52B6BA2E000DA9CA5 /* ResRealName.h */ = {isa = PBXFileReference; lastKnownFileType = sourcecode.c.h; path = ResRealName.h; sourceTree = "<group>"; };
		8941CBE62B6BA2E000DA9CA5 /* ResRealName.m */ = {isa = PBXFileReference; lastKnownFileType = sourcecode.c.objc; path = ResRealName.m; sourceTree = "<group>"; };
		8941CBE92B6BC1D700DA9CA5 /* StoreKit.framework */ = {isa = PBXFileReference; lastKnownFileType = wrapper.framework; name = StoreKit.framework; path = System/Library/Frameworks/StoreKit.framework; sourceTree = SDKROOT; };
		89A814222B833F34001177D1 /* ChangeAccountView.h */ = {isa = PBXFileReference; lastKnownFileType = sourcecode.c.h; path = ChangeAccountView.h; sourceTree = "<group>"; };
		89A814232B833F34001177D1 /* ChangeAccountView.m */ = {isa = PBXFileReference; lastKnownFileType = sourcecode.c.objc; path = ChangeAccountView.m; sourceTree = "<group>"; };
		89A814272B835711001177D1 /* ChangeAccWarperView.h */ = {isa = PBXFileReference; lastKnownFileType = sourcecode.c.h; path = ChangeAccWarperView.h; sourceTree = "<group>"; };
		89A814282B835711001177D1 /* ChangeAccWarperView.m */ = {isa = PBXFileReference; lastKnownFileType = sourcecode.c.objc; path = ChangeAccWarperView.m; sourceTree = "<group>"; };
		89A8142B2B837967001177D1 /* DeleteAccountView.h */ = {isa = PBXFileReference; lastKnownFileType = sourcecode.c.h; path = DeleteAccountView.h; sourceTree = "<group>"; };
		89A8142C2B837967001177D1 /* DeleteAccountView.m */ = {isa = PBXFileReference; lastKnownFileType = sourcecode.c.objc; path = DeleteAccountView.m; sourceTree = "<group>"; };
		89A8142F2B845341001177D1 /* DeleteWarperView.h */ = {isa = PBXFileReference; lastKnownFileType = sourcecode.c.h; path = DeleteWarperView.h; sourceTree = "<group>"; };
		89A814302B845341001177D1 /* DeleteWarperView.m */ = {isa = PBXFileReference; lastKnownFileType = sourcecode.c.objc; path = DeleteWarperView.m; sourceTree = "<group>"; };
		89A814332B845F04001177D1 /* DeleteAccConfirmView.h */ = {isa = PBXFileReference; lastKnownFileType = sourcecode.c.h; path = DeleteAccConfirmView.h; sourceTree = "<group>"; };
		89A814342B845F04001177D1 /* DeleteAccConfirmView.m */ = {isa = PBXFileReference; lastKnownFileType = sourcecode.c.objc; path = DeleteAccConfirmView.m; sourceTree = "<group>"; };
		89A814372B84C1C8001177D1 /* ServiceAndPolicyView.h */ = {isa = PBXFileReference; lastKnownFileType = sourcecode.c.h; path = ServiceAndPolicyView.h; sourceTree = "<group>"; };
		89A814382B84C1C8001177D1 /* ServiceAndPolicyView.m */ = {isa = PBXFileReference; lastKnownFileType = sourcecode.c.objc; path = ServiceAndPolicyView.m; sourceTree = "<group>"; };
		89A8143C2B85ABBC001177D1 /* LXBUITap.h */ = {isa = PBXFileReference; lastKnownFileType = sourcecode.c.h; path = LXBUITap.h; sourceTree = "<group>"; };
		89A8143D2B85ABBC001177D1 /* LXBUITap.m */ = {isa = PBXFileReference; lastKnownFileType = sourcecode.c.objc; path = LXBUITap.m; sourceTree = "<group>"; };
		89A814402B85CAF2001177D1 /* TapDelegate.h */ = {isa = PBXFileReference; lastKnownFileType = sourcecode.c.h; path = TapDelegate.h; sourceTree = "<group>"; };
		89A814412B85CAF2001177D1 /* TapDelegate.m */ = {isa = PBXFileReference; lastKnownFileType = sourcecode.c.objc; path = TapDelegate.m; sourceTree = "<group>"; };
		89A814442B85DDD8001177D1 /* LXBBaseView.h */ = {isa = PBXFileReference; lastKnownFileType = sourcecode.c.h; path = LXBBaseView.h; sourceTree = "<group>"; };
		89A814452B85DDD8001177D1 /* LXBBaseView.m */ = {isa = PBXFileReference; lastKnownFileType = sourcecode.c.objc; path = LXBBaseView.m; sourceTree = "<group>"; };
		89A814482B862EBE001177D1 /* LXBWebView.h */ = {isa = PBXFileReference; lastKnownFileType = sourcecode.c.h; path = LXBWebView.h; sourceTree = "<group>"; };
		89A814492B862EBE001177D1 /* LXBWebView.m */ = {isa = PBXFileReference; lastKnownFileType = sourcecode.c.objc; path = LXBWebView.m; sourceTree = "<group>"; };
		89A8144C2B86F75B001177D1 /* WebKit.framework */ = {isa = PBXFileReference; lastKnownFileType = wrapper.framework; name = WebKit.framework; path = System/Library/Frameworks/WebKit.framework; sourceTree = SDKROOT; };
		89A814632B876B6E001177D1 /* KeFuView.h */ = {isa = PBXFileReference; lastKnownFileType = sourcecode.c.h; path = KeFuView.h; sourceTree = "<group>"; };
		89A814642B876B6E001177D1 /* KeFuView.m */ = {isa = PBXFileReference; lastKnownFileType = sourcecode.c.objc; path = KeFuView.m; sourceTree = "<group>"; };
		89B06DAA2B6E3DE200605573 /* NSObject+BLLog.h */ = {isa = PBXFileReference; lastKnownFileType = sourcecode.c.h; path = "NSObject+BLLog.h"; sourceTree = "<group>"; };
		89B06DAB2B6E3DE200605573 /* NSObject+BLLog.m */ = {isa = PBXFileReference; lastKnownFileType = sourcecode.c.objc; path = "NSObject+BLLog.m"; sourceTree = "<group>"; };
		89CD6AFA2BA054020051B2BB /* GoogleMobileAdsConsentManager.m */ = {isa = PBXFileReference; fileEncoding = 4; lastKnownFileType = sourcecode.c.objc; path = GoogleMobileAdsConsentManager.m; sourceTree = "<group>"; };
		89CD6AFB2BA054020051B2BB /* GoogleAdWarper.m */ = {isa = PBXFileReference; fileEncoding = 4; lastKnownFileType = sourcecode.c.objc; path = GoogleAdWarper.m; sourceTree = "<group>"; };
		89CD6AFC2BA054020051B2BB /* GoogleMobileAdsConsentManager.h */ = {isa = PBXFileReference; fileEncoding = 4; lastKnownFileType = sourcecode.c.h; path = GoogleMobileAdsConsentManager.h; sourceTree = "<group>"; };
		89CD6AFD2BA054020051B2BB /* GoogleAdWarper.h */ = {isa = PBXFileReference; fileEncoding = 4; lastKnownFileType = sourcecode.c.h; path = GoogleAdWarper.h; sourceTree = "<group>"; };
		89CD6B022BA0568C0051B2BB /* LXBADInfo.h */ = {isa = PBXFileReference; lastKnownFileType = sourcecode.c.h; path = LXBADInfo.h; sourceTree = "<group>"; };
		89CD6B032BA0568C0051B2BB /* LXBADInfo.m */ = {isa = PBXFileReference; lastKnownFileType = sourcecode.c.objc; path = LXBADInfo.m; sourceTree = "<group>"; };
		89CD6B072BA17EAA0051B2BB /* SDKModel.h */ = {isa = PBXFileReference; lastKnownFileType = sourcecode.c.h; path = SDKModel.h; sourceTree = "<group>"; };
		89CD6B082BA17EAA0051B2BB /* SDKModel.m */ = {isa = PBXFileReference; lastKnownFileType = sourcecode.c.objc; path = SDKModel.m; sourceTree = "<group>"; };
		89CD6B0B2BA197AB0051B2BB /* LXBTestView.h */ = {isa = PBXFileReference; lastKnownFileType = sourcecode.c.h; path = LXBTestView.h; sourceTree = "<group>"; };
		89CD6B0C2BA197AB0051B2BB /* LXBTestView.m */ = {isa = PBXFileReference; lastKnownFileType = sourcecode.c.objc; path = LXBTestView.m; sourceTree = "<group>"; };
		89CD6B102BA1A0DF0051B2BB /* ViewHub.h */ = {isa = PBXFileReference; lastKnownFileType = sourcecode.c.h; path = ViewHub.h; sourceTree = "<group>"; };
		89CD6B112BA1A0DF0051B2BB /* ViewHub.m */ = {isa = PBXFileReference; lastKnownFileType = sourcecode.c.objc; path = ViewHub.m; sourceTree = "<group>"; };
		89CD6B162BA1A5630051B2BB /* LoginController.h */ = {isa = PBXFileReference; lastKnownFileType = sourcecode.c.h; path = LoginController.h; sourceTree = "<group>"; };
		89CD6B172BA1A5630051B2BB /* LoginController.m */ = {isa = PBXFileReference; lastKnownFileType = sourcecode.c.objc; path = LoginController.m; sourceTree = "<group>"; };
		89CD6B1B2BA1C9B50051B2BB /* GoogleLoginController.h */ = {isa = PBXFileReference; lastKnownFileType = sourcecode.c.h; path = GoogleLoginController.h; sourceTree = "<group>"; };
		89CD6B1C2BA1C9B50051B2BB /* GoogleLoginController.m */ = {isa = PBXFileReference; lastKnownFileType = sourcecode.c.objc; path = GoogleLoginController.m; sourceTree = "<group>"; };
		89CD6B352BA2A4D30051B2BB /* FacebookLoginController.h */ = {isa = PBXFileReference; lastKnownFileType = sourcecode.c.h; path = FacebookLoginController.h; sourceTree = "<group>"; };
		89CD6B362BA2A4D30051B2BB /* FacebookLoginController.m */ = {isa = PBXFileReference; lastKnownFileType = sourcecode.c.objc; path = FacebookLoginController.m; sourceTree = "<group>"; };
		89CD6B8C2BA69AD80051B2BB /* SDKArg.h */ = {isa = PBXFileReference; lastKnownFileType = sourcecode.c.h; path = SDKArg.h; sourceTree = "<group>"; };
		89CD6B8D2BA69AD80051B2BB /* SDKArg.m */ = {isa = PBXFileReference; lastKnownFileType = sourcecode.c.objc; path = SDKArg.m; sourceTree = "<group>"; };
		89CD6BAF2BA7F14E0051B2BB /* AdjustController.h */ = {isa = PBXFileReference; lastKnownFileType = sourcecode.c.h; path = AdjustController.h; sourceTree = "<group>"; };
		89CD6BB02BA7F14E0051B2BB /* AdjustController.m */ = {isa = PBXFileReference; lastKnownFileType = sourcecode.c.objc; path = AdjustController.m; sourceTree = "<group>"; };
		89CD6BB32BA8353A0051B2BB /* AdSupport.framework */ = {isa = PBXFileReference; lastKnownFileType = wrapper.framework; name = AdSupport.framework; path = System/Library/Frameworks/AdSupport.framework; sourceTree = SDKROOT; };
		89CD6BB52BA835490051B2BB /* AdServices.framework */ = {isa = PBXFileReference; lastKnownFileType = wrapper.framework; name = AdServices.framework; path = System/Library/Frameworks/AdServices.framework; sourceTree = SDKROOT; };
		89CD6BB82BA8356F0051B2BB /* AppTrackingTransparency.framework */ = {isa = PBXFileReference; lastKnownFileType = wrapper.framework; name = AppTrackingTransparency.framework; path = System/Library/Frameworks/AppTrackingTransparency.framework; sourceTree = SDKROOT; };
		89E9F5AF2BA98B75004C5B5B /* FirebaseController.h */ = {isa = PBXFileReference; lastKnownFileType = sourcecode.c.h; path = FirebaseController.h; sourceTree = "<group>"; };
		89E9F5B02BA98B75004C5B5B /* FirebaseController.m */ = {isa = PBXFileReference; lastKnownFileType = sourcecode.c.objc; path = FirebaseController.m; sourceTree = "<group>"; };
		89E9F5B32BAA9AFA004C5B5B /* GoogleService-Info.plist */ = {isa = PBXFileReference; fileEncoding = 4; lastKnownFileType = text.plist.xml; path = "GoogleService-Info.plist"; sourceTree = "<group>"; };
		89EFAF2F2B6F859D00F13986 /* ReqPayValidate.h */ = {isa = PBXFileReference; lastKnownFileType = sourcecode.c.h; path = ReqPayValidate.h; sourceTree = "<group>"; };
		89EFAF302B6F859D00F13986 /* ReqPayValidate.m */ = {isa = PBXFileReference; lastKnownFileType = sourcecode.c.objc; path = ReqPayValidate.m; sourceTree = "<group>"; };
		89EFAF332B6F85B400F13986 /* ResPayValidate.h */ = {isa = PBXFileReference; lastKnownFileType = sourcecode.c.h; path = ResPayValidate.h; sourceTree = "<group>"; };
		89EFAF342B6F85B400F13986 /* ResPayValidate.m */ = {isa = PBXFileReference; lastKnownFileType = sourcecode.c.objc; path = ResPayValidate.m; sourceTree = "<group>"; };
		89EFAF442B707F4000F13986 /* TestDemo.entitlements */ = {isa = PBXFileReference; lastKnownFileType = text.plist.entitlements; path = TestDemo.entitlements; sourceTree = "<group>"; };
		89EFAF482B7082EF00F13986 /* AppleLoginController.h */ = {isa = PBXFileReference; lastKnownFileType = sourcecode.c.h; path = AppleLoginController.h; sourceTree = "<group>"; };
		89EFAF492B7082EF00F13986 /* AppleLoginController.m */ = {isa = PBXFileReference; lastKnownFileType = sourcecode.c.objc; path = AppleLoginController.m; sourceTree = "<group>"; };
		89EFAF4C2B70836700F13986 /* AuthenticationServices.framework */ = {isa = PBXFileReference; lastKnownFileType = wrapper.framework; name = AuthenticationServices.framework; path = System/Library/Frameworks/AuthenticationServices.framework; sourceTree = SDKROOT; };
		89EFAF4E2B70B62600F13986 /* ReqAutoLogin.h */ = {isa = PBXFileReference; lastKnownFileType = sourcecode.c.h; path = ReqAutoLogin.h; sourceTree = "<group>"; };
		89EFAF4F2B70B62600F13986 /* ReqAutoLogin.m */ = {isa = PBXFileReference; lastKnownFileType = sourcecode.c.objc; path = ReqAutoLogin.m; sourceTree = "<group>"; };
		89EFAF562B70C78A00F13986 /* ReqOverseaBind.h */ = {isa = PBXFileReference; lastKnownFileType = sourcecode.c.h; path = ReqOverseaBind.h; sourceTree = "<group>"; };
		89EFAF572B70C78A00F13986 /* ReqOverseaBind.m */ = {isa = PBXFileReference; lastKnownFileType = sourcecode.c.objc; path = ReqOverseaBind.m; sourceTree = "<group>"; };
		89EFAF5A2B70CCF100F13986 /* BindExtend.h */ = {isa = PBXFileReference; lastKnownFileType = sourcecode.c.h; path = BindExtend.h; sourceTree = "<group>"; };
		89EFAF5B2B70CCF100F13986 /* BindExtend.m */ = {isa = PBXFileReference; lastKnownFileType = sourcecode.c.objc; path = BindExtend.m; sourceTree = "<group>"; };
		89EFAF602B70E36300F13986 /* BaseConfig.h */ = {isa = PBXFileReference; lastKnownFileType = sourcecode.c.h; path = BaseConfig.h; sourceTree = "<group>"; };
		89EFAF612B70E36300F13986 /* BaseConfig.m */ = {isa = PBXFileReference; lastKnownFileType = sourcecode.c.objc; path = BaseConfig.m; sourceTree = "<group>"; };
		89EFAF642B70E6DA00F13986 /* ReqThirdPartyLogin.h */ = {isa = PBXFileReference; lastKnownFileType = sourcecode.c.h; path = ReqThirdPartyLogin.h; sourceTree = "<group>"; };
		89EFAF652B70E6DA00F13986 /* ReqThirdPartyLogin.m */ = {isa = PBXFileReference; lastKnownFileType = sourcecode.c.objc; path = ReqThirdPartyLogin.m; sourceTree = "<group>"; };
		89EFAF682B70FDC200F13986 /* LxbBundle.bundle */ = {isa = PBXFileReference; lastKnownFileType = "wrapper.plug-in"; path = LxbBundle.bundle; sourceTree = "<group>"; };
		89EFAF742B71D55000F13986 /* UserCenterView.h */ = {isa = PBXFileReference; lastKnownFileType = sourcecode.c.h; path = UserCenterView.h; sourceTree = "<group>"; };
		89EFAF752B71D55000F13986 /* UserCenterView.m */ = {isa = PBXFileReference; lastKnownFileType = sourcecode.c.objc; path = UserCenterView.m; sourceTree = "<group>"; };
		89EFAF7D2B71E25500F13986 /* LXBHelper.h */ = {isa = PBXFileReference; lastKnownFileType = sourcecode.c.h; path = LXBHelper.h; sourceTree = "<group>"; };
		89EFAF7E2B71E25500F13986 /* LXBHelper.m */ = {isa = PBXFileReference; lastKnownFileType = sourcecode.c.objc; path = LXBHelper.m; sourceTree = "<group>"; };
		89EFAFAE2B721C6A00F13986 /* LXBScreen.h */ = {isa = PBXFileReference; lastKnownFileType = sourcecode.c.h; path = LXBScreen.h; sourceTree = "<group>"; };
		89EFAFAF2B721C6A00F13986 /* LXBScreen.m */ = {isa = PBXFileReference; lastKnownFileType = sourcecode.c.objc; path = LXBScreen.m; sourceTree = "<group>"; };
		89EFAFB22B723B7000F13986 /* zh-Hans */ = {isa = PBXFileReference; lastKnownFileType = text.plist.strings; name = "zh-Hans"; path = "zh-Hans.lproj/Main.strings"; sourceTree = "<group>"; };
		89EFAFB32B723B7000F13986 /* zh-Hans */ = {isa = PBXFileReference; lastKnownFileType = text.plist.strings; name = "zh-Hans"; path = "zh-Hans.lproj/LaunchScreen.strings"; sourceTree = "<group>"; };
		89EFAFB42B726CD100F13986 /* ja */ = {isa = PBXFileReference; lastKnownFileType = text.plist.strings; name = ja; path = ja.lproj/Main.strings; sourceTree = "<group>"; };
		89EFAFB52B726CD100F13986 /* ja */ = {isa = PBXFileReference; lastKnownFileType = text.plist.strings; name = ja; path = ja.lproj/LaunchScreen.strings; sourceTree = "<group>"; };
		89EFAFB62B726D0000F13986 /* zh_TW */ = {isa = PBXFileReference; lastKnownFileType = text.plist.strings; name = zh_TW; path = zh_TW.lproj/Main.strings; sourceTree = "<group>"; };
		89EFAFB72B726D0000F13986 /* zh_TW */ = {isa = PBXFileReference; lastKnownFileType = text.plist.strings; name = zh_TW; path = zh_TW.lproj/LaunchScreen.strings; sourceTree = "<group>"; };
		89EFAFE82B72877C00F13986 /* U8SDK_Language.bundle */ = {isa = PBXFileReference; lastKnownFileType = "wrapper.plug-in"; path = U8SDK_Language.bundle; sourceTree = "<group>"; };
		89EFAFEA2B7287F300F13986 /* U8Language.h */ = {isa = PBXFileReference; fileEncoding = 4; lastKnownFileType = sourcecode.c.h; path = U8Language.h; sourceTree = "<group>"; };
		89EFAFEB2B7287F400F13986 /* U8Language.m */ = {isa = PBXFileReference; fileEncoding = 4; lastKnownFileType = sourcecode.c.objc; path = U8Language.m; sourceTree = "<group>"; };
		89EFAFEE2B72887A00F13986 /* NSString+Handle.h */ = {isa = PBXFileReference; fileEncoding = 4; lastKnownFileType = sourcecode.c.h; path = "NSString+Handle.h"; sourceTree = "<group>"; };
		89EFAFEF2B72887A00F13986 /* NSString+Handle.m */ = {isa = PBXFileReference; fileEncoding = 4; lastKnownFileType = sourcecode.c.objc; path = "NSString+Handle.m"; sourceTree = "<group>"; };
		89EFB03E2B8305EC00F13986 /* LXBConfig.h */ = {isa = PBXFileReference; lastKnownFileType = sourcecode.c.h; path = LXBConfig.h; sourceTree = "<group>"; };
		89EFB03F2B8305EC00F13986 /* LXBConfig.m */ = {isa = PBXFileReference; lastKnownFileType = sourcecode.c.objc; path = LXBConfig.m; sourceTree = "<group>"; };
		9DF32DB3C373AF2F30BE6001 /* Pods-LXBSDK.debug.xcconfig */ = {isa = PBXFileReference; includeInIndex = 1; lastKnownFileType = text.xcconfig; name = "Pods-LXBSDK.debug.xcconfig"; path = "Target Support Files/Pods-LXBSDK/Pods-LXBSDK.debug.xcconfig"; sourceTree = "<group>"; };
		BADE1CE4487ABAEF2D87E922 /* Pods_TestDemo.framework */ = {isa = PBXFileReference; explicitFileType = wrapper.framework; includeInIndex = 0; path = Pods_TestDemo.framework; sourceTree = BUILT_PRODUCTS_DIR; };
		C6E488D5F7EB21815A661E80 /* Pods-LXBSDK.release.xcconfig */ = {isa = PBXFileReference; includeInIndex = 1; lastKnownFileType = text.xcconfig; name = "Pods-LXBSDK.release.xcconfig"; path = "Target Support Files/Pods-LXBSDK/Pods-LXBSDK.release.xcconfig"; sourceTree = "<group>"; };
		CEADAC782B7A3B7C00C34569 /* BindAccView.h */ = {isa = PBXFileReference; lastKnownFileType = sourcecode.c.h; path = BindAccView.h; sourceTree = "<group>"; };
		CEADAC792B7A3B7C00C34569 /* BindAccView.m */ = {isa = PBXFileReference; lastKnownFileType = sourcecode.c.objc; path = BindAccView.m; sourceTree = "<group>"; };
		CEADAC7C2B7A3BC300C34569 /* LXBLogicView.h */ = {isa = PBXFileReference; lastKnownFileType = sourcecode.c.h; path = LXBLogicView.h; sourceTree = "<group>"; };
		CEADAC7D2B7A3BC300C34569 /* LXBLogicView.m */ = {isa = PBXFileReference; lastKnownFileType = sourcecode.c.objc; path = LXBLogicView.m; sourceTree = "<group>"; };
		CEADACBA2BA59BF200C34569 /* LXBToast.m */ = {isa = PBXFileReference; fileEncoding = 4; lastKnownFileType = sourcecode.c.objc; path = LXBToast.m; sourceTree = "<group>"; };
		CEADACBB2BA59BF300C34569 /* LXBToast.h */ = {isa = PBXFileReference; fileEncoding = 4; lastKnownFileType = sourcecode.c.h; path = LXBToast.h; sourceTree = "<group>"; };
/* End PBXFileReference section */

/* Begin PBXFrameworksBuildPhase section */
		891C1D7F2B6907A7004AF32A /* Frameworks */ = {
			isa = PBXFrameworksBuildPhase;
			buildActionMask = 2147483647;
			files = (
				89EFAF4D2B70836700F13986 /* AuthenticationServices.framework in Frameworks */,
				247E519413FC280AADEA3141 /* Pods_LXBSDK.framework in Frameworks */,
				89A8144D2B86F75B001177D1 /* WebKit.framework in Frameworks */,
				8941CBEA2B6BC1D700DA9CA5 /* StoreKit.framework in Frameworks */,
			);
			runOnlyForDeploymentPostprocessing = 0;
		};
		891C1D8D2B6907D0004AF32A /* Frameworks */ = {
			isa = PBXFrameworksBuildPhase;
			buildActionMask = 2147483647;
			files = (
				89CD6BB62BA835490051B2BB /* AdServices.framework in Frameworks */,
				891C1DAA2B6908A5004AF32A /* LXBSDK.framework in Frameworks */,
				89CD6BB42BA8353B0051B2BB /* AdSupport.framework in Frameworks */,
				89CD6BB72BA835640051B2BB /* StoreKit.framework in Frameworks */,
				FFB512BDA3A6E25301A726DA /* Pods_TestDemo.framework in Frameworks */,
				89CD6BB92BA8356F0051B2BB /* AppTrackingTransparency.framework in Frameworks */,
				89A8144E2B86F76A001177D1 /* WebKit.framework in Frameworks */,
			);
			runOnlyForDeploymentPostprocessing = 0;
		};
/* End PBXFrameworksBuildPhase section */

/* Begin PBXGroup section */
		4233A834A9EF54B374CD308C /* Pods */ = {
			isa = PBXGroup;
			children = (
				9DF32DB3C373AF2F30BE6001 /* Pods-LXBSDK.debug.xcconfig */,
				C6E488D5F7EB21815A661E80 /* Pods-LXBSDK.release.xcconfig */,
				371C3261880401D51EA82E65 /* Pods-TestDemo.debug.xcconfig */,
				63792BEA1EA7954C6084CBDD /* Pods-TestDemo.release.xcconfig */,
			);
			path = Pods;
			sourceTree = "<group>";
		};
		891C1D782B6907A7004AF32A = {
			isa = PBXGroup;
			children = (
				891C1D842B6907A7004AF32A /* LXBSDK */,
				891C1D912B6907D0004AF32A /* TestDemo */,
				891C1D832B6907A7004AF32A /* Products */,
				891C1DA92B6908A5004AF32A /* Frameworks */,
				4233A834A9EF54B374CD308C /* Pods */,
			);
			sourceTree = "<group>";
		};
		891C1D832B6907A7004AF32A /* Products */ = {
			isa = PBXGroup;
			children = (
				891C1D822B6907A7004AF32A /* LXBSDK.framework */,
				891C1D902B6907D0004AF32A /* TestDemo.app */,
			);
			name = Products;
			sourceTree = "<group>";
		};
		891C1D842B6907A7004AF32A /* LXBSDK */ = {
			isa = PBXGroup;
			children = (
				89E9F5AE2BA98B4A004C5B5B /* Firebase */,
				89CD6BAE2BA7F1330051B2BB /* Adjust */,
				89CD6B142BA1A4E90051B2BB /* Login */,
				89CD6AF92BA053E80051B2BB /* Ad */,
				89EFAF5E2B70E33600F13986 /* Base */,
				8941CBD52B6BA1ED00DA9CA5 /* RealName */,
				8941CBD02B6B9FF200DA9CA5 /* ThirdExtension */,
				8941CBB82B6B6E1100DA9CA5 /* Pay */,
				891C1DF32B69E786004AF32A /* Utils */,
				891C1DE62B69214D004AF32A /* Keychain */,
				891C1DC62B69111A004AF32A /* SDKProxy */,
				891C1DBA2B690E30004AF32A /* UserCenter */,
				891C1DAF2B690A71004AF32A /* Network */,
				891C1D852B6907A7004AF32A /* LXBSDK.h */,
				8941CBA52B6B3DD500DA9CA5 /* PrefixHeader.pch */,
			);
			path = LXBSDK;
			sourceTree = "<group>";
		};
		891C1D912B6907D0004AF32A /* TestDemo */ = {
			isa = PBXGroup;
			children = (
				89E9F5B32BAA9AFA004C5B5B /* GoogleService-Info.plist */,
				89EFAFE82B72877C00F13986 /* U8SDK_Language.bundle */,
				89EFAF682B70FDC200F13986 /* LxbBundle.bundle */,
				89EFAF442B707F4000F13986 /* TestDemo.entitlements */,
				891C1D922B6907D0004AF32A /* AppDelegate.h */,
				891C1D932B6907D0004AF32A /* AppDelegate.m */,
				891C1D982B6907D0004AF32A /* ViewController.h */,
				891C1D992B6907D0004AF32A /* ViewController.m */,
				891C1D9B2B6907D0004AF32A /* Main.storyboard */,
				891C1D9E2B6907D1004AF32A /* Assets.xcassets */,
				891C1DA02B6907D1004AF32A /* LaunchScreen.storyboard */,
				891C1DA32B6907D1004AF32A /* Info.plist */,
				891C1DA42B6907D1004AF32A /* main.m */,
			);
			path = TestDemo;
			sourceTree = "<group>";
		};
		891C1DA92B6908A5004AF32A /* Frameworks */ = {
			isa = PBXGroup;
			children = (
				89CD6BB82BA8356F0051B2BB /* AppTrackingTransparency.framework */,
				89CD6BB52BA835490051B2BB /* AdServices.framework */,
				89CD6BB32BA8353A0051B2BB /* AdSupport.framework */,
				89A8144C2B86F75B001177D1 /* WebKit.framework */,
				89EFAF4C2B70836700F13986 /* AuthenticationServices.framework */,
				8941CBE92B6BC1D700DA9CA5 /* StoreKit.framework */,
				17AEE0D2C39091E96A671D14 /* Pods_LXBSDK.framework */,
				BADE1CE4487ABAEF2D87E922 /* Pods_TestDemo.framework */,
			);
			name = Frameworks;
			sourceTree = "<group>";
		};
		891C1DAF2B690A71004AF32A /* Network */ = {
			isa = PBXGroup;
			children = (
				8941CBA02B6A740B00DA9CA5 /* Mod */,
				891C1DB12B690A90004AF32A /* Cfg */,
				891C1DB02B690A79004AF32A /* Ctr */,
			);
			path = Network;
			sourceTree = "<group>";
		};
		891C1DB02B690A79004AF32A /* Ctr */ = {
			isa = PBXGroup;
			children = (
				891C1DB22B690ABC004AF32A /* NetworkController.h */,
				891C1DB32B690ABC004AF32A /* NetworkController.m */,
				8941CB9C2B6A31DB00DA9CA5 /* AFNet.h */,
				8941CB9D2B6A31DB00DA9CA5 /* AFNet.m */,
			);
			path = Ctr;
			sourceTree = "<group>";
		};
		891C1DB12B690A90004AF32A /* Cfg */ = {
			isa = PBXGroup;
			children = (
				891C1DB62B690B6C004AF32A /* NetworkConfig.h */,
			);
			path = Cfg;
			sourceTree = "<group>";
		};
		891C1DBA2B690E30004AF32A /* UserCenter */ = {
			isa = PBXGroup;
			children = (
				8941CBB32B6B526400DA9CA5 /* Data */,
				891C1DCC2B69158E004AF32A /* Mod */,
				891C1DBB2B690E3E004AF32A /* Cfg */,
				891C1DBC2B690E4C004AF32A /* Ctr */,
			);
			path = UserCenter;
			sourceTree = "<group>";
		};
		891C1DBB2B690E3E004AF32A /* Cfg */ = {
			isa = PBXGroup;
			children = (
				891C1DBD2B690E74004AF32A /* UserCenterConfig.h */,
			);
			path = Cfg;
			sourceTree = "<group>";
		};
		891C1DBC2B690E4C004AF32A /* Ctr */ = {
			isa = PBXGroup;
			children = (
				891C1DC22B690EC3004AF32A /* UserCenterController.h */,
				891C1DC32B690EC3004AF32A /* UserCenterController.m */,
			);
			path = Ctr;
			sourceTree = "<group>";
		};
		891C1DC62B69111A004AF32A /* SDKProxy */ = {
			isa = PBXGroup;
			children = (
				89CD6B0F2BA1A0C80051B2BB /* Obj */,
				89CD6B062BA17E8D0051B2BB /* Model */,
				89EFAF6E2B71D44500F13986 /* View */,
				89EFAF3F2B6FB3E300F13986 /* Cfg */,
				891C1DC72B691134004AF32A /* Proxy */,
			);
			path = SDKProxy;
			sourceTree = "<group>";
		};
		891C1DC72B691134004AF32A /* Proxy */ = {
			isa = PBXGroup;
			children = (
				891C1DC82B69123F004AF32A /* SDKController.h */,
				891C1DC92B69123F004AF32A /* SDKController.m */,
			);
			path = Proxy;
			sourceTree = "<group>";
		};
		891C1DCC2B69158E004AF32A /* Mod */ = {
			isa = PBXGroup;
			children = (
				891C1DCD2B6915D4004AF32A /* ReqVisitor.h */,
				891C1DCE2B6915D4004AF32A /* ReqVisitor.m */,
				8941CBAB2B6B41AC00DA9CA5 /* ResVisitor.h */,
				8941CBAC2B6B41AC00DA9CA5 /* ResVisitor.m */,
				8941CBAF2B6B4BAD00DA9CA5 /* ThirdUserInfo.h */,
				8941CBB02B6B4BAD00DA9CA5 /* ThirdUserInfo.m */,
				89EFAF4E2B70B62600F13986 /* ReqAutoLogin.h */,
				89EFAF4F2B70B62600F13986 /* ReqAutoLogin.m */,
				89EFAF562B70C78A00F13986 /* ReqOverseaBind.h */,
				89EFAF572B70C78A00F13986 /* ReqOverseaBind.m */,
				89EFAF5A2B70CCF100F13986 /* BindExtend.h */,
				89EFAF5B2B70CCF100F13986 /* BindExtend.m */,
				89EFAF642B70E6DA00F13986 /* ReqThirdPartyLogin.h */,
				89EFAF652B70E6DA00F13986 /* ReqThirdPartyLogin.m */,
			);
			path = Mod;
			sourceTree = "<group>";
		};
		891C1DE62B69214D004AF32A /* Keychain */ = {
			isa = PBXGroup;
			children = (
				891C1DE82B692182004AF32A /* Cfg */,
				891C1DE72B692160004AF32A /* Ctr */,
			);
			path = Keychain;
			sourceTree = "<group>";
		};
		891C1DE72B692160004AF32A /* Ctr */ = {
			isa = PBXGroup;
			children = (
				891C1DE92B6921C2004AF32A /* KeychainController.h */,
				891C1DEA2B6921C2004AF32A /* KeychainController.m */,
			);
			path = Ctr;
			sourceTree = "<group>";
		};
		891C1DE82B692182004AF32A /* Cfg */ = {
			isa = PBXGroup;
			children = (
				891C1DEF2B692324004AF32A /* KeychainConfig.h */,
				891C1DF02B692324004AF32A /* KeychainConfig.m */,
			);
			path = Cfg;
			sourceTree = "<group>";
		};
		891C1DF32B69E786004AF32A /* Utils */ = {
			isa = PBXGroup;
			children = (
				CEADACBB2BA59BF300C34569 /* LXBToast.h */,
				CEADACBA2BA59BF200C34569 /* LXBToast.m */,
				89EFAFEE2B72887A00F13986 /* NSString+Handle.h */,
				89EFAFEF2B72887A00F13986 /* NSString+Handle.m */,
				89EFAFEA2B7287F300F13986 /* U8Language.h */,
				89EFAFEB2B7287F400F13986 /* U8Language.m */,
				891C1DF42B69E7D4004AF32A /* PostArgUtils.h */,
				891C1DF52B69E7D4004AF32A /* PostArgUtils.m */,
				89B06DAA2B6E3DE200605573 /* NSObject+BLLog.h */,
				89B06DAB2B6E3DE200605573 /* NSObject+BLLog.m */,
				89EFAF7D2B71E25500F13986 /* LXBHelper.h */,
				89EFAF7E2B71E25500F13986 /* LXBHelper.m */,
				89EFAFAE2B721C6A00F13986 /* LXBScreen.h */,
				89EFAFAF2B721C6A00F13986 /* LXBScreen.m */,
				89A8143C2B85ABBC001177D1 /* LXBUITap.h */,
				89A8143D2B85ABBC001177D1 /* LXBUITap.m */,
				89A814402B85CAF2001177D1 /* TapDelegate.h */,
				89A814412B85CAF2001177D1 /* TapDelegate.m */,
			);
			path = Utils;
			sourceTree = "<group>";
		};
		8941CBA02B6A740B00DA9CA5 /* Mod */ = {
			isa = PBXGroup;
			children = (
				8941CBA12B6A742800DA9CA5 /* BaseResponse.h */,
				8941CBA22B6A742800DA9CA5 /* BaseResponse.m */,
			);
			path = Mod;
			sourceTree = "<group>";
		};
		8941CBB32B6B526400DA9CA5 /* Data */ = {
			isa = PBXGroup;
			children = (
				8941CBB42B6B527800DA9CA5 /* DataHub.h */,
				8941CBB52B6B527800DA9CA5 /* DataHub.m */,
			);
			path = Data;
			sourceTree = "<group>";
		};
		8941CBB82B6B6E1100DA9CA5 /* Pay */ = {
			isa = PBXGroup;
			children = (
				8941CBBF2B6B6E9200DA9CA5 /* Cfg */,
				8941CBBE2B6B6E4100DA9CA5 /* Mod */,
				8941CBB92B6B6E1900DA9CA5 /* Ctr */,
			);
			path = Pay;
			sourceTree = "<group>";
		};
		8941CBB92B6B6E1900DA9CA5 /* Ctr */ = {
			isa = PBXGroup;
			children = (
				8941CBBA2B6B6E3B00DA9CA5 /* PayController.h */,
				8941CBBB2B6B6E3B00DA9CA5 /* PayController.m */,
			);
			path = Ctr;
			sourceTree = "<group>";
		};
		8941CBBE2B6B6E4100DA9CA5 /* Mod */ = {
			isa = PBXGroup;
			children = (
				8941CBC42B6B6F3800DA9CA5 /* ReqPayCreate.h */,
				8941CBC52B6B6F3800DA9CA5 /* ReqPayCreate.m */,
				8941CBC82B6B708100DA9CA5 /* ResPayCreate.h */,
				8941CBC92B6B708100DA9CA5 /* ResPayCreate.m */,
				89EFAF2F2B6F859D00F13986 /* ReqPayValidate.h */,
				89EFAF302B6F859D00F13986 /* ReqPayValidate.m */,
				89EFAF332B6F85B400F13986 /* ResPayValidate.h */,
				89EFAF342B6F85B400F13986 /* ResPayValidate.m */,
			);
			path = Mod;
			sourceTree = "<group>";
		};
		8941CBBF2B6B6E9200DA9CA5 /* Cfg */ = {
			isa = PBXGroup;
			children = (
				8941CBC02B6B6EA600DA9CA5 /* PayConfig.h */,
				8941CBC12B6B6EA600DA9CA5 /* PayConfig.m */,
			);
			path = Cfg;
			sourceTree = "<group>";
		};
		8941CBD02B6B9FF200DA9CA5 /* ThirdExtension */ = {
			isa = PBXGroup;
			children = (
				8941CBD22B6BA02100DA9CA5 /* MSNetwork.h */,
				8941CBD12B6BA02100DA9CA5 /* MSNetwork.m */,
				8941CBCC2B6B9DD800DA9CA5 /* CustomResponseSerializer.h */,
				8941CBCD2B6B9DD800DA9CA5 /* CustomResponseSerializer.m */,
			);
			path = ThirdExtension;
			sourceTree = "<group>";
		};
		8941CBD52B6BA1ED00DA9CA5 /* RealName */ = {
			isa = PBXGroup;
			children = (
				8941CBDC2B6BA23600DA9CA5 /* Mod */,
				8941CBD72B6BA20400DA9CA5 /* Cfg */,
				8941CBD62B6BA1FD00DA9CA5 /* Ctr */,
			);
			path = RealName;
			sourceTree = "<group>";
		};
		8941CBD62B6BA1FD00DA9CA5 /* Ctr */ = {
			isa = PBXGroup;
			children = (
				8941CBD82B6BA22400DA9CA5 /* RealNameController.h */,
				8941CBD92B6BA22400DA9CA5 /* RealNameController.m */,
			);
			path = Ctr;
			sourceTree = "<group>";
		};
		8941CBD72B6BA20400DA9CA5 /* Cfg */ = {
			isa = PBXGroup;
			children = (
				8941CBDD2B6BA2B900DA9CA5 /* RealNameConfig.h */,
				8941CBDE2B6BA2B900DA9CA5 /* RealNameConfig.m */,
			);
			path = Cfg;
			sourceTree = "<group>";
		};
		8941CBDC2B6BA23600DA9CA5 /* Mod */ = {
			isa = PBXGroup;
			children = (
				8941CBE12B6BA2D400DA9CA5 /* ReqRealName.h */,
				8941CBE22B6BA2D400DA9CA5 /* ReqRealName.m */,
				8941CBE52B6BA2E000DA9CA5 /* ResRealName.h */,
				8941CBE62B6BA2E000DA9CA5 /* ResRealName.m */,
			);
			path = Mod;
			sourceTree = "<group>";
		};
		89CD6AF92BA053E80051B2BB /* Ad */ = {
			isa = PBXGroup;
			children = (
				89CD6AFD2BA054020051B2BB /* GoogleAdWarper.h */,
				89CD6AFB2BA054020051B2BB /* GoogleAdWarper.m */,
				89CD6AFC2BA054020051B2BB /* GoogleMobileAdsConsentManager.h */,
				89CD6AFA2BA054020051B2BB /* GoogleMobileAdsConsentManager.m */,
				89CD6B022BA0568C0051B2BB /* LXBADInfo.h */,
				89CD6B032BA0568C0051B2BB /* LXBADInfo.m */,
			);
			path = Ad;
			sourceTree = "<group>";
		};
		89CD6B062BA17E8D0051B2BB /* Model */ = {
			isa = PBXGroup;
			children = (
				89CD6B072BA17EAA0051B2BB /* SDKModel.h */,
				89CD6B082BA17EAA0051B2BB /* SDKModel.m */,
				89CD6B8C2BA69AD80051B2BB /* SDKArg.h */,
				89CD6B8D2BA69AD80051B2BB /* SDKArg.m */,
			);
			path = Model;
			sourceTree = "<group>";
		};
		89CD6B0F2BA1A0C80051B2BB /* Obj */ = {
			isa = PBXGroup;
			children = (
				89CD6B102BA1A0DF0051B2BB /* ViewHub.h */,
				89CD6B112BA1A0DF0051B2BB /* ViewHub.m */,
			);
			path = Obj;
			sourceTree = "<group>";
		};
		89CD6B142BA1A4E90051B2BB /* Login */ = {
			isa = PBXGroup;
			children = (
				89CD6B152BA1A5220051B2BB /* Ctr */,
				89EFAF462B7082B300F13986 /* ThirdLogin */,
			);
			path = Login;
			sourceTree = "<group>";
		};
		89CD6B152BA1A5220051B2BB /* Ctr */ = {
			isa = PBXGroup;
			children = (
				89CD6B162BA1A5630051B2BB /* LoginController.h */,
				89CD6B172BA1A5630051B2BB /* LoginController.m */,
			);
			path = Ctr;
			sourceTree = "<group>";
		};
		89CD6B1A2BA1C9920051B2BB /* Google */ = {
			isa = PBXGroup;
			children = (
				89CD6B1B2BA1C9B50051B2BB /* GoogleLoginController.h */,
				89CD6B1C2BA1C9B50051B2BB /* GoogleLoginController.m */,
			);
			path = Google;
			sourceTree = "<group>";
		};
		89CD6B1F2BA1D4910051B2BB /* Facebook */ = {
			isa = PBXGroup;
			children = (
				89CD6B352BA2A4D30051B2BB /* FacebookLoginController.h */,
				89CD6B362BA2A4D30051B2BB /* FacebookLoginController.m */,
			);
			path = Facebook;
			sourceTree = "<group>";
		};
		89CD6BAE2BA7F1330051B2BB /* Adjust */ = {
			isa = PBXGroup;
			children = (
				89CD6BAF2BA7F14E0051B2BB /* AdjustController.h */,
				89CD6BB02BA7F14E0051B2BB /* AdjustController.m */,
			);
			path = Adjust;
			sourceTree = "<group>";
		};
		89E9F5AE2BA98B4A004C5B5B /* Firebase */ = {
			isa = PBXGroup;
			children = (
				89E9F5AF2BA98B75004C5B5B /* FirebaseController.h */,
				89E9F5B02BA98B75004C5B5B /* FirebaseController.m */,
			);
			path = Firebase;
			sourceTree = "<group>";
		};
		89EFAF3F2B6FB3E300F13986 /* Cfg */ = {
			isa = PBXGroup;
			children = (
				89EFB03E2B8305EC00F13986 /* LXBConfig.h */,
				89EFB03F2B8305EC00F13986 /* LXBConfig.m */,
			);
			path = Cfg;
			sourceTree = "<group>";
		};
		89EFAF462B7082B300F13986 /* ThirdLogin */ = {
			isa = PBXGroup;
			children = (
				89CD6B1F2BA1D4910051B2BB /* Facebook */,
				89CD6B1A2BA1C9920051B2BB /* Google */,
				89EFAF472B7082C600F13986 /* Apple */,
			);
			path = ThirdLogin;
			sourceTree = "<group>";
		};
		89EFAF472B7082C600F13986 /* Apple */ = {
			isa = PBXGroup;
			children = (
				89EFAF482B7082EF00F13986 /* AppleLoginController.h */,
				89EFAF492B7082EF00F13986 /* AppleLoginController.m */,
			);
			path = Apple;
			sourceTree = "<group>";
		};
		89EFAF5E2B70E33600F13986 /* Base */ = {
			isa = PBXGroup;
			children = (
				89EFAF5F2B70E34000F13986 /* Cfg */,
			);
			path = Base;
			sourceTree = "<group>";
		};
		89EFAF5F2B70E34000F13986 /* Cfg */ = {
			isa = PBXGroup;
			children = (
				89EFAF602B70E36300F13986 /* BaseConfig.h */,
				89EFAF612B70E36300F13986 /* BaseConfig.m */,
			);
			path = Cfg;
			sourceTree = "<group>";
		};
		89EFAF6E2B71D44500F13986 /* View */ = {
			isa = PBXGroup;
			children = (
				89EFAF742B71D55000F13986 /* UserCenterView.h */,
				89EFAF752B71D55000F13986 /* UserCenterView.m */,
				CEADAC782B7A3B7C00C34569 /* BindAccView.h */,
				CEADAC792B7A3B7C00C34569 /* BindAccView.m */,
				CEADAC7C2B7A3BC300C34569 /* LXBLogicView.h */,
				CEADAC7D2B7A3BC300C34569 /* LXBLogicView.m */,
				89A814442B85DDD8001177D1 /* LXBBaseView.h */,
				89A814452B85DDD8001177D1 /* LXBBaseView.m */,
				89A814222B833F34001177D1 /* ChangeAccountView.h */,
				89A814232B833F34001177D1 /* ChangeAccountView.m */,
				89A814272B835711001177D1 /* ChangeAccWarperView.h */,
				89A814282B835711001177D1 /* ChangeAccWarperView.m */,
				89A8142B2B837967001177D1 /* DeleteAccountView.h */,
				89A8142C2B837967001177D1 /* DeleteAccountView.m */,
				89A8142F2B845341001177D1 /* DeleteWarperView.h */,
				89A814302B845341001177D1 /* DeleteWarperView.m */,
				89A814332B845F04001177D1 /* DeleteAccConfirmView.h */,
				89A814342B845F04001177D1 /* DeleteAccConfirmView.m */,
				89A814372B84C1C8001177D1 /* ServiceAndPolicyView.h */,
				89A814382B84C1C8001177D1 /* ServiceAndPolicyView.m */,
				89A814482B862EBE001177D1 /* LXBWebView.h */,
				89A814492B862EBE001177D1 /* LXBWebView.m */,
				89A814632B876B6E001177D1 /* KeFuView.h */,
				89A814642B876B6E001177D1 /* KeFuView.m */,
				89CD6B0B2BA197AB0051B2BB /* LXBTestView.h */,
				89CD6B0C2BA197AB0051B2BB /* LXBTestView.m */,
			);
			path = View;
			sourceTree = "<group>";
		};
/* End PBXGroup section */

/* Begin PBXHeadersBuildPhase section */
		891C1D7D2B6907A7004AF32A /* Headers */ = {
			isa = PBXHeadersBuildPhase;
			buildActionMask = 2147483647;
			files = (
				89CD6B122BA1A0DF0051B2BB /* ViewHub.h in Headers */,
				89CD6B012BA054020051B2BB /* GoogleAdWarper.h in Headers */,
				89A814352B845F04001177D1 /* DeleteAccConfirmView.h in Headers */,
				891C1DF12B692324004AF32A /* KeychainConfig.h in Headers */,
				89E9F5B22BA98B75004C5B5B /* FirebaseController.h in Headers */,
				89EFAF5C2B70CCF100F13986 /* BindExtend.h in Headers */,
				89CD6B042BA0568C0051B2BB /* LXBADInfo.h in Headers */,
				89EFAF762B71D55000F13986 /* UserCenterView.h in Headers */,
				8941CBE32B6BA2D400DA9CA5 /* ReqRealName.h in Headers */,
				89A814462B85DDD8001177D1 /* LXBBaseView.h in Headers */,
				8941CBB12B6B4BAD00DA9CA5 /* ThirdUserInfo.h in Headers */,
				891C1DF62B69E7D4004AF32A /* PostArgUtils.h in Headers */,
				8941CBA62B6B3DD500DA9CA5 /* PrefixHeader.pch in Headers */,
				89EFAF312B6F859D00F13986 /* ReqPayValidate.h in Headers */,
				89CD6B1D2BA1C9B50051B2BB /* GoogleLoginController.h in Headers */,
				89EFB0402B8305EC00F13986 /* LXBConfig.h in Headers */,
				CEADACBD2BA59BF300C34569 /* LXBToast.h in Headers */,
				89EFAF582B70C78A00F13986 /* ReqOverseaBind.h in Headers */,
				89A814392B84C1C8001177D1 /* ServiceAndPolicyView.h in Headers */,
				89A814292B835711001177D1 /* ChangeAccWarperView.h in Headers */,
				89CD6B8E2BA69AD80051B2BB /* SDKArg.h in Headers */,
				89EFAF352B6F85B400F13986 /* ResPayValidate.h in Headers */,
				891C1D862B6907A7004AF32A /* LXBSDK.h in Headers */,
				89EFAFB02B721C6A00F13986 /* LXBScreen.h in Headers */,
				89A814652B876B6E001177D1 /* KeFuView.h in Headers */,
				CEADAC7E2B7A3BC300C34569 /* LXBLogicView.h in Headers */,
				89EFAFF02B72887A00F13986 /* NSString+Handle.h in Headers */,
				89EFAF622B70E36300F13986 /* BaseConfig.h in Headers */,
				8941CBCE2B6B9DD800DA9CA5 /* CustomResponseSerializer.h in Headers */,
				891C1DCA2B69123F004AF32A /* SDKController.h in Headers */,
				89EFAF7F2B71E25500F13986 /* LXBHelper.h in Headers */,
				891C1DEB2B6921C2004AF32A /* KeychainController.h in Headers */,
				89EFAF4A2B7082EF00F13986 /* AppleLoginController.h in Headers */,
				8941CBC62B6B6F3800DA9CA5 /* ReqPayCreate.h in Headers */,
				89CD6BB12BA7F14E0051B2BB /* AdjustController.h in Headers */,
				89A814312B845341001177D1 /* DeleteWarperView.h in Headers */,
				89A8142D2B837967001177D1 /* DeleteAccountView.h in Headers */,
				8941CBDF2B6BA2B900DA9CA5 /* RealNameConfig.h in Headers */,
				891C1DB82B690B6C004AF32A /* NetworkConfig.h in Headers */,
				8941CBB62B6B527800DA9CA5 /* DataHub.h in Headers */,
				89CD6B092BA17EAA0051B2BB /* SDKModel.h in Headers */,
				8941CBD42B6BA02100DA9CA5 /* MSNetwork.h in Headers */,
				89CD6B372BA2A4D30051B2BB /* FacebookLoginController.h in Headers */,
				89A814422B85CAF2001177D1 /* TapDelegate.h in Headers */,
				8941CBC22B6B6EA600DA9CA5 /* PayConfig.h in Headers */,
				89A814242B833F34001177D1 /* ChangeAccountView.h in Headers */,
				8941CBA32B6A742800DA9CA5 /* BaseResponse.h in Headers */,
				8941CBCA2B6B708100DA9CA5 /* ResPayCreate.h in Headers */,
				89EFAFEC2B7287F400F13986 /* U8Language.h in Headers */,
				891C1DBF2B690E74004AF32A /* UserCenterConfig.h in Headers */,
				89B06DAC2B6E3DE200605573 /* NSObject+BLLog.h in Headers */,
				891C1DCF2B6915D4004AF32A /* ReqVisitor.h in Headers */,
				8941CBDA2B6BA22400DA9CA5 /* RealNameController.h in Headers */,
				8941CB9E2B6A31DB00DA9CA5 /* AFNet.h in Headers */,
				891C1DC42B690EC3004AF32A /* UserCenterController.h in Headers */,
				89A8144A2B862EBE001177D1 /* LXBWebView.h in Headers */,
				8941CBAD2B6B41AC00DA9CA5 /* ResVisitor.h in Headers */,
				89A8143E2B85ABBC001177D1 /* LXBUITap.h in Headers */,
				CEADAC7A2B7A3B7C00C34569 /* BindAccView.h in Headers */,
				891C1DB42B690ABC004AF32A /* NetworkController.h in Headers */,
				8941CBE72B6BA2E000DA9CA5 /* ResRealName.h in Headers */,
				89CD6B182BA1A5630051B2BB /* LoginController.h in Headers */,
				89EFAF502B70B62600F13986 /* ReqAutoLogin.h in Headers */,
				89CD6B0D2BA197AB0051B2BB /* LXBTestView.h in Headers */,
				89EFAF662B70E6DA00F13986 /* ReqThirdPartyLogin.h in Headers */,
				8941CBBC2B6B6E3B00DA9CA5 /* PayController.h in Headers */,
				89CD6B002BA054020051B2BB /* GoogleMobileAdsConsentManager.h in Headers */,
			);
			runOnlyForDeploymentPostprocessing = 0;
		};
/* End PBXHeadersBuildPhase section */

/* Begin PBXNativeTarget section */
		891C1D812B6907A7004AF32A /* LXBSDK */ = {
			isa = PBXNativeTarget;
			buildConfigurationList = 891C1D892B6907A7004AF32A /* Build configuration list for PBXNativeTarget "LXBSDK" */;
			buildPhases = (
				F1445A1B7367911B7F1C2DD3 /* [CP] Check Pods Manifest.lock */,
				891C1D7D2B6907A7004AF32A /* Headers */,
				891C1D7E2B6907A7004AF32A /* Sources */,
				891C1D7F2B6907A7004AF32A /* Frameworks */,
				891C1D802B6907A7004AF32A /* Resources */,
			);
			buildRules = (
			);
			dependencies = (
			);
			name = LXBSDK;
			productName = LXBSDK;
			productReference = 891C1D822B6907A7004AF32A /* LXBSDK.framework */;
			productType = "com.apple.product-type.framework";
		};
		891C1D8F2B6907D0004AF32A /* TestDemo */ = {
			isa = PBXNativeTarget;
			buildConfigurationList = 891C1DA62B6907D1004AF32A /* Build configuration list for PBXNativeTarget "TestDemo" */;
			buildPhases = (
				409A9D3AAC855074CEB62E75 /* [CP] Check Pods Manifest.lock */,
				891C1D8C2B6907D0004AF32A /* Sources */,
				891C1D8D2B6907D0004AF32A /* Frameworks */,
				891C1D8E2B6907D0004AF32A /* Resources */,
				A8BC62841E0FE99E7934462A /* [CP] Embed Pods Frameworks */,
			);
			buildRules = (
			);
			dependencies = (
				891C1DAD2B6908A5004AF32A /* PBXTargetDependency */,
			);
			name = TestDemo;
			productName = TestDemo;
			productReference = 891C1D902B6907D0004AF32A /* TestDemo.app */;
			productType = "com.apple.product-type.application";
		};
/* End PBXNativeTarget section */

/* Begin PBXProject section */
		891C1D792B6907A7004AF32A /* Project object */ = {
			isa = PBXProject;
			attributes = {
				BuildIndependentTargetsInParallel = 1;
				LastUpgradeCheck = 1430;
				TargetAttributes = {
					891C1D812B6907A7004AF32A = {
						CreatedOnToolsVersion = 14.3.1;
					};
					891C1D8F2B6907D0004AF32A = {
						CreatedOnToolsVersion = 14.3.1;
					};
				};
			};
			buildConfigurationList = 891C1D7C2B6907A7004AF32A /* Build configuration list for PBXProject "LXBSDK" */;
			compatibilityVersion = "Xcode 14.0";
			developmentRegion = "zh-Hans";
			hasScannedForEncodings = 0;
			knownRegions = (
				en,
				Base,
				"zh-Hans",
				ja,
				zh_TW,
			);
			mainGroup = 891C1D782B6907A7004AF32A;
			productRefGroup = 891C1D832B6907A7004AF32A /* Products */;
			projectDirPath = "";
			projectRoot = "";
			targets = (
				891C1D812B6907A7004AF32A /* LXBSDK */,
				891C1D8F2B6907D0004AF32A /* TestDemo */,
			);
		};
/* End PBXProject section */

/* Begin PBXResourcesBuildPhase section */
		891C1D802B6907A7004AF32A /* Resources */ = {
			isa = PBXResourcesBuildPhase;
			buildActionMask = 2147483647;
			files = (
			);
			runOnlyForDeploymentPostprocessing = 0;
		};
		891C1D8E2B6907D0004AF32A /* Resources */ = {
			isa = PBXResourcesBuildPhase;
			buildActionMask = 2147483647;
			files = (
				891C1DA22B6907D1004AF32A /* LaunchScreen.storyboard in Resources */,
				891C1D9F2B6907D1004AF32A /* Assets.xcassets in Resources */,
				89EFAFE92B72877C00F13986 /* U8SDK_Language.bundle in Resources */,
				89EFAF692B70FDC200F13986 /* LxbBundle.bundle in Resources */,
				891C1D9D2B6907D0004AF32A /* Main.storyboard in Resources */,
				89E9F5B42BAA9AFA004C5B5B /* GoogleService-Info.plist in Resources */,
			);
			runOnlyForDeploymentPostprocessing = 0;
		};
/* End PBXResourcesBuildPhase section */

/* Begin PBXShellScriptBuildPhase section */
		409A9D3AAC855074CEB62E75 /* [CP] Check Pods Manifest.lock */ = {
			isa = PBXShellScriptBuildPhase;
			buildActionMask = 2147483647;
			files = (
			);
			inputFileListPaths = (
			);
			inputPaths = (
				"${PODS_PODFILE_DIR_PATH}/Podfile.lock",
				"${PODS_ROOT}/Manifest.lock",
			);
			name = "[CP] Check Pods Manifest.lock";
			outputFileListPaths = (
			);
			outputPaths = (
				"$(DERIVED_FILE_DIR)/Pods-TestDemo-checkManifestLockResult.txt",
			);
			runOnlyForDeploymentPostprocessing = 0;
			shellPath = /bin/sh;
			shellScript = "diff \"${PODS_PODFILE_DIR_PATH}/Podfile.lock\" \"${PODS_ROOT}/Manifest.lock\" > /dev/null\nif [ $? != 0 ] ; then\n    # print error to STDERR\n    echo \"error: The sandbox is not in sync with the Podfile.lock. Run 'pod install' or update your CocoaPods installation.\" >&2\n    exit 1\nfi\n# This output is used by Xcode 'outputs' to avoid re-running this script phase.\necho \"SUCCESS\" > \"${SCRIPT_OUTPUT_FILE_0}\"\n";
			showEnvVarsInLog = 0;
		};
		A8BC62841E0FE99E7934462A /* [CP] Embed Pods Frameworks */ = {
			isa = PBXShellScriptBuildPhase;
			buildActionMask = 2147483647;
			files = (
			);
			inputFileListPaths = (
				"${PODS_ROOT}/Target Support Files/Pods-TestDemo/Pods-TestDemo-frameworks-${CONFIGURATION}-input-files.xcfilelist",
			);
			name = "[CP] Embed Pods Frameworks";
			outputFileListPaths = (
				"${PODS_ROOT}/Target Support Files/Pods-TestDemo/Pods-TestDemo-frameworks-${CONFIGURATION}-output-files.xcfilelist",
			);
			runOnlyForDeploymentPostprocessing = 0;
			shellPath = /bin/sh;
			shellScript = "\"${PODS_ROOT}/Target Support Files/Pods-TestDemo/Pods-TestDemo-frameworks.sh\"\n";
			showEnvVarsInLog = 0;
		};
		F1445A1B7367911B7F1C2DD3 /* [CP] Check Pods Manifest.lock */ = {
			isa = PBXShellScriptBuildPhase;
			buildActionMask = 2147483647;
			files = (
			);
			inputFileListPaths = (
			);
			inputPaths = (
				"${PODS_PODFILE_DIR_PATH}/Podfile.lock",
				"${PODS_ROOT}/Manifest.lock",
			);
			name = "[CP] Check Pods Manifest.lock";
			outputFileListPaths = (
			);
			outputPaths = (
				"$(DERIVED_FILE_DIR)/Pods-LXBSDK-checkManifestLockResult.txt",
			);
			runOnlyForDeploymentPostprocessing = 0;
			shellPath = /bin/sh;
			shellScript = "diff \"${PODS_PODFILE_DIR_PATH}/Podfile.lock\" \"${PODS_ROOT}/Manifest.lock\" > /dev/null\nif [ $? != 0 ] ; then\n    # print error to STDERR\n    echo \"error: The sandbox is not in sync with the Podfile.lock. Run 'pod install' or update your CocoaPods installation.\" >&2\n    exit 1\nfi\n# This output is used by Xcode 'outputs' to avoid re-running this script phase.\necho \"SUCCESS\" > \"${SCRIPT_OUTPUT_FILE_0}\"\n";
			showEnvVarsInLog = 0;
		};
/* End PBXShellScriptBuildPhase section */

/* Begin PBXSourcesBuildPhase section */
		891C1D7E2B6907A7004AF32A /* Sources */ = {
			isa = PBXSourcesBuildPhase;
			buildActionMask = 2147483647;
			files = (
				8941CB9F2B6A31DB00DA9CA5 /* AFNet.m in Sources */,
				89CD6B0E2BA197AB0051B2BB /* LXBTestView.m in Sources */,
				8941CBE42B6BA2D400DA9CA5 /* ReqRealName.m in Sources */,
				8941CBDB2B6BA22400DA9CA5 /* RealNameController.m in Sources */,
				8941CBCB2B6B708100DA9CA5 /* ResPayCreate.m in Sources */,
				89CD6B132BA1A0DF0051B2BB /* ViewHub.m in Sources */,
				89A8144B2B862EBE001177D1 /* LXBWebView.m in Sources */,
				89A814322B845341001177D1 /* DeleteWarperView.m in Sources */,
				89EFAF5D2B70CCF100F13986 /* BindExtend.m in Sources */,
				8941CBBD2B6B6E3B00DA9CA5 /* PayController.m in Sources */,
				89CD6AFE2BA054020051B2BB /* GoogleMobileAdsConsentManager.m in Sources */,
				8941CBC72B6B6F3800DA9CA5 /* ReqPayCreate.m in Sources */,
				89A814432B85CAF2001177D1 /* TapDelegate.m in Sources */,
				CEADACBF2BA59BFF00C34569 /* LXBToast.m in Sources */,
				8941CBA42B6A742800DA9CA5 /* BaseResponse.m in Sources */,
				891C1DF72B69E7D4004AF32A /* PostArgUtils.m in Sources */,
				8941CBD32B6BA02100DA9CA5 /* MSNetwork.m in Sources */,
				891C1DCB2B69123F004AF32A /* SDKController.m in Sources */,
				89CD6B052BA0568C0051B2BB /* LXBADInfo.m in Sources */,
				891C1DF22B692324004AF32A /* KeychainConfig.m in Sources */,
				8941CBB72B6B527800DA9CA5 /* DataHub.m in Sources */,
				89EFAF362B6F85B400F13986 /* ResPayValidate.m in Sources */,
				89EFAF4B2B7082EF00F13986 /* AppleLoginController.m in Sources */,
				89A814662B876B6E001177D1 /* KeFuView.m in Sources */,
				891C1DD02B6915D4004AF32A /* ReqVisitor.m in Sources */,
				89CD6AFF2BA054020051B2BB /* GoogleAdWarper.m in Sources */,
				89EFAFED2B7287F400F13986 /* U8Language.m in Sources */,
				891C1DB52B690ABC004AF32A /* NetworkController.m in Sources */,
				89EFAF772B71D55000F13986 /* UserCenterView.m in Sources */,
				8941CBAE2B6B41AC00DA9CA5 /* ResVisitor.m in Sources */,
				89A8143A2B84C1C8001177D1 /* ServiceAndPolicyView.m in Sources */,
				89A8142A2B835711001177D1 /* ChangeAccWarperView.m in Sources */,
				89A8142E2B837967001177D1 /* DeleteAccountView.m in Sources */,
				89A8143F2B85ABBC001177D1 /* LXBUITap.m in Sources */,
				8941CBC32B6B6EA600DA9CA5 /* PayConfig.m in Sources */,
				891C1DC52B690EC3004AF32A /* UserCenterController.m in Sources */,
				89EFAF512B70B62600F13986 /* ReqAutoLogin.m in Sources */,
				891C1DEC2B6921C2004AF32A /* KeychainController.m in Sources */,
				89EFAF322B6F859D00F13986 /* ReqPayValidate.m in Sources */,
				89CD6B8F2BA69AD80051B2BB /* SDKArg.m in Sources */,
				89CD6B382BA2A4D30051B2BB /* FacebookLoginController.m in Sources */,
				89A814252B833F34001177D1 /* ChangeAccountView.m in Sources */,
				89E9F5B12BA98B75004C5B5B /* FirebaseController.m in Sources */,
				89EFAF802B71E25500F13986 /* LXBHelper.m in Sources */,
				89EFAF592B70C78A00F13986 /* ReqOverseaBind.m in Sources */,
				8941CBB22B6B4BAD00DA9CA5 /* ThirdUserInfo.m in Sources */,
				8941CBE02B6BA2B900DA9CA5 /* RealNameConfig.m in Sources */,
				CEADAC7B2B7A3B7C00C34569 /* BindAccView.m in Sources */,
				89EFAFB12B721C6A00F13986 /* LXBScreen.m in Sources */,
				8941CBCF2B6B9DD800DA9CA5 /* CustomResponseSerializer.m in Sources */,
				89A814362B845F04001177D1 /* DeleteAccConfirmView.m in Sources */,
				89CD6B1E2BA1C9B50051B2BB /* GoogleLoginController.m in Sources */,
				CEADAC7F2B7A3BC300C34569 /* LXBLogicView.m in Sources */,
				89EFAF672B70E6DA00F13986 /* ReqThirdPartyLogin.m in Sources */,
				89EFB0412B8305EC00F13986 /* LXBConfig.m in Sources */,
				89CD6B192BA1A5630051B2BB /* LoginController.m in Sources */,
				8941CBE82B6BA2E000DA9CA5 /* ResRealName.m in Sources */,
				89EFAFF12B72887A00F13986 /* NSString+Handle.m in Sources */,
				89CD6B0A2BA17EAA0051B2BB /* SDKModel.m in Sources */,
				89EFAF632B70E36300F13986 /* BaseConfig.m in Sources */,
				89A814472B85DDD8001177D1 /* LXBBaseView.m in Sources */,
				89CD6BB22BA7F14E0051B2BB /* AdjustController.m in Sources */,
				89B06DAD2B6E3DE200605573 /* NSObject+BLLog.m in Sources */,
			);
			runOnlyForDeploymentPostprocessing = 0;
		};
		891C1D8C2B6907D0004AF32A /* Sources */ = {
			isa = PBXSourcesBuildPhase;
			buildActionMask = 2147483647;
			files = (
				891C1D9A2B6907D0004AF32A /* ViewController.m in Sources */,
				891C1D942B6907D0004AF32A /* AppDelegate.m in Sources */,
				891C1DA52B6907D1004AF32A /* main.m in Sources */,
			);
			runOnlyForDeploymentPostprocessing = 0;
		};
/* End PBXSourcesBuildPhase section */

/* Begin PBXTargetDependency section */
		891C1DAD2B6908A5004AF32A /* PBXTargetDependency */ = {
			isa = PBXTargetDependency;
			target = 891C1D812B6907A7004AF32A /* LXBSDK */;
			targetProxy = 891C1DAC2B6908A5004AF32A /* PBXContainerItemProxy */;
		};
/* End PBXTargetDependency section */

/* Begin PBXVariantGroup section */
		891C1D9B2B6907D0004AF32A /* Main.storyboard */ = {
			isa = PBXVariantGroup;
			children = (
				891C1D9C2B6907D0004AF32A /* Base */,
				89EFAFB22B723B7000F13986 /* zh-Hans */,
				89EFAFB42B726CD100F13986 /* ja */,
				89EFAFB62B726D0000F13986 /* zh_TW */,
			);
			name = Main.storyboard;
			sourceTree = "<group>";
		};
		891C1DA02B6907D1004AF32A /* LaunchScreen.storyboard */ = {
			isa = PBXVariantGroup;
			children = (
				891C1DA12B6907D1004AF32A /* Base */,
				89EFAFB32B723B7000F13986 /* zh-Hans */,
				89EFAFB52B726CD100F13986 /* ja */,
				89EFAFB72B726D0000F13986 /* zh_TW */,
			);
			name = LaunchScreen.storyboard;
			sourceTree = "<group>";
		};
/* End PBXVariantGroup section */

/* Begin XCBuildConfiguration section */
		891C1D872B6907A7004AF32A /* Debug */ = {
			isa = XCBuildConfiguration;
			buildSettings = {
				ALWAYS_SEARCH_USER_PATHS = NO;
				CLANG_ANALYZER_LOCALIZABILITY_NONLOCALIZED = YES;
				CLANG_ANALYZER_NONNULL = YES;
				CLANG_ANALYZER_NUMBER_OBJECT_CONVERSION = YES_AGGRESSIVE;
				CLANG_CXX_LANGUAGE_STANDARD = "gnu++20";
				CLANG_ENABLE_MODULES = YES;
				CLANG_ENABLE_OBJC_ARC = YES;
				CLANG_ENABLE_OBJC_WEAK = YES;
				CLANG_WARN_BLOCK_CAPTURE_AUTORELEASING = YES;
				CLANG_WARN_BOOL_CONVERSION = YES;
				CLANG_WARN_COMMA = YES;
				CLANG_WARN_CONSTANT_CONVERSION = YES;
				CLANG_WARN_DEPRECATED_OBJC_IMPLEMENTATIONS = YES;
				CLANG_WARN_DIRECT_OBJC_ISA_USAGE = YES_ERROR;
				CLANG_WARN_DOCUMENTATION_COMMENTS = YES;
				CLANG_WARN_EMPTY_BODY = YES;
				CLANG_WARN_ENUM_CONVERSION = YES;
				CLANG_WARN_INFINITE_RECURSION = YES;
				CLANG_WARN_INT_CONVERSION = YES;
				CLANG_WARN_NON_LITERAL_NULL_CONVERSION = YES;
				CLANG_WARN_OBJC_IMPLICIT_RETAIN_SELF = YES;
				CLANG_WARN_OBJC_LITERAL_CONVERSION = YES;
				CLANG_WARN_OBJC_ROOT_CLASS = YES_ERROR;
				CLANG_WARN_QUOTED_INCLUDE_IN_FRAMEWORK_HEADER = YES;
				CLANG_WARN_RANGE_LOOP_ANALYSIS = YES;
				CLANG_WARN_STRICT_PROTOTYPES = YES;
				CLANG_WARN_SUSPICIOUS_MOVE = YES;
				CLANG_WARN_UNGUARDED_AVAILABILITY = YES_AGGRESSIVE;
				CLANG_WARN_UNREACHABLE_CODE = YES;
				CLANG_WARN__DUPLICATE_METHOD_MATCH = YES;
				COPY_PHASE_STRIP = NO;
				CURRENT_PROJECT_VERSION = 1;
				DEBUG_INFORMATION_FORMAT = dwarf;
				ENABLE_STRICT_OBJC_MSGSEND = YES;
				ENABLE_TESTABILITY = YES;
				GCC_C_LANGUAGE_STANDARD = gnu11;
				GCC_DYNAMIC_NO_PIC = NO;
				GCC_NO_COMMON_BLOCKS = YES;
				GCC_OPTIMIZATION_LEVEL = 0;
				GCC_PREPROCESSOR_DEFINITIONS = (
					"DEBUG=1",
					"$(inherited)",
				);
				GCC_WARN_64_TO_32_BIT_CONVERSION = YES;
				GCC_WARN_ABOUT_RETURN_TYPE = YES_ERROR;
				GCC_WARN_UNDECLARED_SELECTOR = YES;
				GCC_WARN_UNINITIALIZED_AUTOS = YES_AGGRESSIVE;
				GCC_WARN_UNUSED_FUNCTION = YES;
				GCC_WARN_UNUSED_VARIABLE = YES;
				IPHONEOS_DEPLOYMENT_TARGET = 16.4;
				MTL_ENABLE_DEBUG_INFO = INCLUDE_SOURCE;
				MTL_FAST_MATH = YES;
				ONLY_ACTIVE_ARCH = YES;
				SDKROOT = iphoneos;
				VERSIONING_SYSTEM = "apple-generic";
				VERSION_INFO_PREFIX = "";
			};
			name = Debug;
		};
		891C1D882B6907A7004AF32A /* Release */ = {
			isa = XCBuildConfiguration;
			buildSettings = {
				ALWAYS_SEARCH_USER_PATHS = NO;
				CLANG_ANALYZER_LOCALIZABILITY_NONLOCALIZED = YES;
				CLANG_ANALYZER_NONNULL = YES;
				CLANG_ANALYZER_NUMBER_OBJECT_CONVERSION = YES_AGGRESSIVE;
				CLANG_CXX_LANGUAGE_STANDARD = "gnu++20";
				CLANG_ENABLE_MODULES = YES;
				CLANG_ENABLE_OBJC_ARC = YES;
				CLANG_ENABLE_OBJC_WEAK = YES;
				CLANG_WARN_BLOCK_CAPTURE_AUTORELEASING = YES;
				CLANG_WARN_BOOL_CONVERSION = YES;
				CLANG_WARN_COMMA = YES;
				CLANG_WARN_CONSTANT_CONVERSION = YES;
				CLANG_WARN_DEPRECATED_OBJC_IMPLEMENTATIONS = YES;
				CLANG_WARN_DIRECT_OBJC_ISA_USAGE = YES_ERROR;
				CLANG_WARN_DOCUMENTATION_COMMENTS = YES;
				CLANG_WARN_EMPTY_BODY = YES;
				CLANG_WARN_ENUM_CONVERSION = YES;
				CLANG_WARN_INFINITE_RECURSION = YES;
				CLANG_WARN_INT_CONVERSION = YES;
				CLANG_WARN_NON_LITERAL_NULL_CONVERSION = YES;
				CLANG_WARN_OBJC_IMPLICIT_RETAIN_SELF = YES;
				CLANG_WARN_OBJC_LITERAL_CONVERSION = YES;
				CLANG_WARN_OBJC_ROOT_CLASS = YES_ERROR;
				CLANG_WARN_QUOTED_INCLUDE_IN_FRAMEWORK_HEADER = YES;
				CLANG_WARN_RANGE_LOOP_ANALYSIS = YES;
				CLANG_WARN_STRICT_PROTOTYPES = YES;
				CLANG_WARN_SUSPICIOUS_MOVE = YES;
				CLANG_WARN_UNGUARDED_AVAILABILITY = YES_AGGRESSIVE;
				CLANG_WARN_UNREACHABLE_CODE = YES;
				CLANG_WARN__DUPLICATE_METHOD_MATCH = YES;
				COPY_PHASE_STRIP = NO;
				CURRENT_PROJECT_VERSION = 1;
				DEBUG_INFORMATION_FORMAT = "dwarf-with-dsym";
				ENABLE_NS_ASSERTIONS = NO;
				ENABLE_STRICT_OBJC_MSGSEND = YES;
				GCC_C_LANGUAGE_STANDARD = gnu11;
				GCC_NO_COMMON_BLOCKS = YES;
				GCC_WARN_64_TO_32_BIT_CONVERSION = YES;
				GCC_WARN_ABOUT_RETURN_TYPE = YES_ERROR;
				GCC_WARN_UNDECLARED_SELECTOR = YES;
				GCC_WARN_UNINITIALIZED_AUTOS = YES_AGGRESSIVE;
				GCC_WARN_UNUSED_FUNCTION = YES;
				GCC_WARN_UNUSED_VARIABLE = YES;
				IPHONEOS_DEPLOYMENT_TARGET = 16.4;
				MTL_ENABLE_DEBUG_INFO = NO;
				MTL_FAST_MATH = YES;
				SDKROOT = iphoneos;
				VALIDATE_PRODUCT = YES;
				VERSIONING_SYSTEM = "apple-generic";
				VERSION_INFO_PREFIX = "";
			};
			name = Release;
		};
		891C1D8A2B6907A7004AF32A /* Debug */ = {
			isa = XCBuildConfiguration;
			baseConfigurationReference = 9DF32DB3C373AF2F30BE6001 /* Pods-LXBSDK.debug.xcconfig */;
			buildSettings = {
				CLANG_ENABLE_OBJC_WEAK = YES;
				CLANG_WARN_OBJC_REPEATED_USE_OF_WEAK = NO;
				CODE_SIGN_IDENTITY = "Apple Development";
				CODE_SIGN_STYLE = Automatic;
				CURRENT_PROJECT_VERSION = 1;
				DEFINES_MODULE = YES;
				DEVELOPMENT_TEAM = "";
				DYLIB_COMPATIBILITY_VERSION = 1;
				DYLIB_CURRENT_VERSION = 1;
				DYLIB_INSTALL_NAME_BASE = "@rpath";
				ENABLE_BITCODE = YES;
				ENABLE_MODULE_VERIFIER = YES;
				GCC_PRECOMPILE_PREFIX_HEADER = YES;
				GCC_PREFIX_HEADER = "$(SRCROOT)/LXBSDK/PrefixHeader.pch";
				GENERATE_INFOPLIST_FILE = YES;
				INFOPLIST_FILE = LXBSDK/Info.plist;
				INFOPLIST_KEY_NSHumanReadableCopyright = "";
				INSTALL_PATH = "$(LOCAL_LIBRARY_DIR)/Frameworks";
				IPHONEOS_DEPLOYMENT_TARGET = 13.0;
				LD_RUNPATH_SEARCH_PATHS = (
					"$(inherited)",
					"@executable_path/Frameworks",
					"@loader_path/Frameworks",
				);
				LINK_WITH_STANDARD_LIBRARIES = NO;
				MACH_O_TYPE = staticlib;
				MARKETING_VERSION = 1.0;
				MODULE_VERIFIER_SUPPORTED_LANGUAGES = "objective-c objective-c++";
				MODULE_VERIFIER_SUPPORTED_LANGUAGE_STANDARDS = "gnu11 gnu++20";
				PRODUCT_BUNDLE_IDENTIFIER = test.wanz.game.LXBSDK;
				PRODUCT_NAME = "$(TARGET_NAME:c99extidentifier)";
				PROVISIONING_PROFILE_SPECIFIER = "";
				SKIP_INSTALL = YES;
				SUPPORTED_PLATFORMS = "iphoneos iphonesimulator";
				SUPPORTS_MACCATALYST = NO;
				SUPPORTS_MAC_DESIGNED_FOR_IPHONE_IPAD = NO;
				SWIFT_EMIT_LOC_STRINGS = YES;
				TARGETED_DEVICE_FAMILY = "1,2";
			};
			name = Debug;
		};
		891C1D8B2B6907A7004AF32A /* Release */ = {
			isa = XCBuildConfiguration;
			baseConfigurationReference = C6E488D5F7EB21815A661E80 /* Pods-LXBSDK.release.xcconfig */;
			buildSettings = {
				CLANG_ENABLE_OBJC_WEAK = YES;
				CLANG_WARN_OBJC_REPEATED_USE_OF_WEAK = NO;
				CODE_SIGN_IDENTITY = "Apple Development";
				CODE_SIGN_STYLE = Automatic;
				CURRENT_PROJECT_VERSION = 1;
				DEFINES_MODULE = YES;
				DEVELOPMENT_TEAM = "";
				DYLIB_COMPATIBILITY_VERSION = 1;
				DYLIB_CURRENT_VERSION = 1;
				DYLIB_INSTALL_NAME_BASE = "@rpath";
				ENABLE_BITCODE = YES;
				ENABLE_MODULE_VERIFIER = YES;
				GCC_PRECOMPILE_PREFIX_HEADER = YES;
				GCC_PREFIX_HEADER = "$(SRCROOT)/LXBSDK/PrefixHeader.pch";
				GENERATE_INFOPLIST_FILE = YES;
				INFOPLIST_FILE = LXBSDK/Info.plist;
				INFOPLIST_KEY_NSHumanReadableCopyright = "";
				INSTALL_PATH = "$(LOCAL_LIBRARY_DIR)/Frameworks";
				IPHONEOS_DEPLOYMENT_TARGET = 13.0;
				LD_RUNPATH_SEARCH_PATHS = (
					"$(inherited)",
					"@executable_path/Frameworks",
					"@loader_path/Frameworks",
				);
				LINK_WITH_STANDARD_LIBRARIES = NO;
				MACH_O_TYPE = staticlib;
				MARKETING_VERSION = 1.0;
				MODULE_VERIFIER_SUPPORTED_LANGUAGES = "objective-c objective-c++";
				MODULE_VERIFIER_SUPPORTED_LANGUAGE_STANDARDS = "gnu11 gnu++20";
				PRODUCT_BUNDLE_IDENTIFIER = test.wanz.game.LXBSDK;
				PRODUCT_NAME = "$(TARGET_NAME:c99extidentifier)";
				PROVISIONING_PROFILE_SPECIFIER = "";
				SKIP_INSTALL = YES;
				SUPPORTED_PLATFORMS = "iphoneos iphonesimulator";
				SUPPORTS_MACCATALYST = NO;
				SUPPORTS_MAC_DESIGNED_FOR_IPHONE_IPAD = NO;
				SWIFT_EMIT_LOC_STRINGS = YES;
				TARGETED_DEVICE_FAMILY = "1,2";
			};
			name = Release;
		};
		891C1DA72B6907D1004AF32A /* Debug */ = {
			isa = XCBuildConfiguration;
			baseConfigurationReference = 371C3261880401D51EA82E65 /* Pods-TestDemo.debug.xcconfig */;
			buildSettings = {
				ASSETCATALOG_COMPILER_APPICON_NAME = AppIcon;
				ASSETCATALOG_COMPILER_GLOBAL_ACCENT_COLOR_NAME = AccentColor;
				CODE_SIGN_ENTITLEMENTS = TestDemo/TestDemo.entitlements;
				"CODE_SIGN_IDENTITY[sdk=iphoneos*]" = "iPhone Developer";
				CODE_SIGN_STYLE = Manual;
				CURRENT_PROJECT_VERSION = 1;
				DEVELOPMENT_TEAM = "";
				"DEVELOPMENT_TEAM[sdk=iphoneos*]" = T87B52BDP9;
				GENERATE_INFOPLIST_FILE = YES;
				INFOPLIST_FILE = TestDemo/Info.plist;
				INFOPLIST_KEY_UIApplicationSupportsIndirectInputEvents = YES;
				INFOPLIST_KEY_UILaunchStoryboardName = LaunchScreen;
				INFOPLIST_KEY_UIMainStoryboardFile = Main;
				INFOPLIST_KEY_UISupportedInterfaceOrientations = UIInterfaceOrientationPortrait;
				IPHONEOS_DEPLOYMENT_TARGET = 13.0;
				LD_RUNPATH_SEARCH_PATHS = (
					"$(inherited)",
					"@executable_path/Frameworks",
				);
				MARKETING_VERSION = 1.0;
				PRODUCT_BUNDLE_IDENTIFIER = com.boom.maze.ios;
				PRODUCT_NAME = "$(TARGET_NAME)";
				PROVISIONING_PROFILE_SPECIFIER = "";
				"PROVISIONING_PROFILE_SPECIFIER[sdk=iphoneos*]" = boweProfile;
				SUPPORTED_PLATFORMS = "iphoneos iphonesimulator";
				SUPPORTS_MACCATALYST = NO;
				SUPPORTS_MAC_DESIGNED_FOR_IPHONE_IPAD = NO;
				SWIFT_EMIT_LOC_STRINGS = YES;
				TARGETED_DEVICE_FAMILY = "1,2";
			};
			name = Debug;
		};
		891C1DA82B6907D1004AF32A /* Release */ = {
			isa = XCBuildConfiguration;
			baseConfigurationReference = 63792BEA1EA7954C6084CBDD /* Pods-TestDemo.release.xcconfig */;
			buildSettings = {
				ASSETCATALOG_COMPILER_APPICON_NAME = AppIcon;
				ASSETCATALOG_COMPILER_GLOBAL_ACCENT_COLOR_NAME = AccentColor;
				CODE_SIGN_ENTITLEMENTS = TestDemo/TestDemo.entitlements;
				"CODE_SIGN_IDENTITY[sdk=iphoneos*]" = "iPhone Developer";
				CODE_SIGN_STYLE = Manual;
				CURRENT_PROJECT_VERSION = 1;
				DEVELOPMENT_TEAM = "";
				"DEVELOPMENT_TEAM[sdk=iphoneos*]" = T87B52BDP9;
				GENERATE_INFOPLIST_FILE = YES;
				INFOPLIST_FILE = TestDemo/Info.plist;
				INFOPLIST_KEY_UIApplicationSupportsIndirectInputEvents = YES;
				INFOPLIST_KEY_UILaunchStoryboardName = LaunchScreen;
				INFOPLIST_KEY_UIMainStoryboardFile = Main;
				INFOPLIST_KEY_UISupportedInterfaceOrientations = UIInterfaceOrientationPortrait;
				IPHONEOS_DEPLOYMENT_TARGET = 13.0;
				LD_RUNPATH_SEARCH_PATHS = (
					"$(inherited)",
					"@executable_path/Frameworks",
				);
				MARKETING_VERSION = 1.0;
				PRODUCT_BUNDLE_IDENTIFIER = com.boom.maze.ios;
				PRODUCT_NAME = "$(TARGET_NAME)";
				PROVISIONING_PROFILE_SPECIFIER = "";
				"PROVISIONING_PROFILE_SPECIFIER[sdk=iphoneos*]" = boweProfile;
				SUPPORTED_PLATFORMS = "iphoneos iphonesimulator";
				SUPPORTS_MACCATALYST = NO;
				SUPPORTS_MAC_DESIGNED_FOR_IPHONE_IPAD = NO;
				SWIFT_EMIT_LOC_STRINGS = YES;
				TARGETED_DEVICE_FAMILY = "1,2";
			};
			name = Release;
		};
/* End XCBuildConfiguration section */

/* Begin XCConfigurationList section */
		891C1D7C2B6907A7004AF32A /* Build configuration list for PBXProject "LXBSDK" */ = {
			isa = XCConfigurationList;
			buildConfigurations = (
				891C1D872B6907A7004AF32A /* Debug */,
				891C1D882B6907A7004AF32A /* Release */,
			);
			defaultConfigurationIsVisible = 0;
			defaultConfigurationName = Release;
		};
		891C1D892B6907A7004AF32A /* Build configuration list for PBXNativeTarget "LXBSDK" */ = {
			isa = XCConfigurationList;
			buildConfigurations = (
				891C1D8A2B6907A7004AF32A /* Debug */,
				891C1D8B2B6907A7004AF32A /* Release */,
			);
			defaultConfigurationIsVisible = 0;
			defaultConfigurationName = Release;
		};
		891C1DA62B6907D1004AF32A /* Build configuration list for PBXNativeTarget "TestDemo" */ = {
			isa = XCConfigurationList;
			buildConfigurations = (
				891C1DA72B6907D1004AF32A /* Debug */,
				891C1DA82B6907D1004AF32A /* Release */,
			);
			defaultConfigurationIsVisible = 0;
			defaultConfigurationName = Release;
		};
/* End XCConfigurationList section */
	};
	rootObject = 891C1D792B6907A7004AF32A /* Project object */;
}
