PODS:
  - AFNetworking (4.0.1):
    - AFNetworking/NSURLSession (= 4.0.1)
    - AFNetworking/Reachability (= 4.0.1)
    - AFNetworking/Security (= 4.0.1)
    - AFNetworking/Serialization (= 4.0.1)
    - AFNetworking/UIKit (= 4.0.1)
  - AFNetworking/NSURLSession (4.0.1):
    - AFNetworking/Reachability
    - AFNetworking/Security
    - AFNetworking/Serialization
  - AFNetworking/Reachability (4.0.1)
  - AFNetworking/Security (4.0.1)
  - AFNetworking/Serialization (4.0.1)
  - AFNetworking/UIKit (4.0.1):
    - AFNetworking/NSURLSession
  - CocoaLumberjack (3.8.2):
    - CocoaLumberjack/Core (= 3.8.2)
  - CocoaLumberjack/Core (3.8.2)
  - Google-Mobile-Ads-SDK (11.1.0):
    - GoogleUserMessagingPlatform (>= 1.1)
  - GoogleUserMessagingPlatform (2.2.0)
  - MJExtension (3.4.1)
  - MMKV (1.3.3):
    - MMKVCore (~> 1.3.3)
  - MMKVCore (1.3.3)
  - MyLayout (1.9.10)
  - YYCache (1.0.4)
  - ZHToast (0.0.1)

DEPENDENCIES:
  - AFNetworking
  - CocoaLumberjack
  - Google-Mobile-Ads-SDK
  - GoogleUserMessagingPlatform
  - MJExtension
  - MMKV
  - MyLayout
  - YYCache
  - ZHToast

SPEC REPOS:
  trunk:
    - AFNetworking
    - CocoaLumberjack
    - Google-Mobile-Ads-SDK
    - GoogleUserMessagingPlatform
    - MJExtension
    - MMKV
    - MMKVCore
    - MyLayout
    - YYCache
    - ZHToast

SPEC CHECKSUMS:
  AFNetworking: 3bd23d814e976cd148d7d44c3ab78017b744cd58
  CocoaLumberjack: f8d89a516e7710fdb2e9b8f1560b16ec6040eef0
  Google-Mobile-Ads-SDK: 4a1f2ccef63660f9a74efc6a6ea979483d421aaa
  GoogleUserMessagingPlatform: d31dbfb40ec02c5d9683029815c5d5a7f46389ee
  MJExtension: 21c5f6f8c4d5d8844b7ae8fbae08fed0b501f961
  MMKV: f902fb6719da13c2ab0965233d8963a59416f911
  MMKVCore: d26e4d3edd5cb8588c2569222cbd8be4231374e9
  MyLayout: 39ee012bd780936c973bdc5d8ce0f84e3de489d7
  YYCache: 8105b6638f5e849296c71f331ff83891a4942952
  ZHToast: 1960412c9a5c7f664b68c03c399aa88cd69eac9f

PODFILE CHECKSUM: 64fedfd7b1c8894ec61eef04aa42396710539685

COCOAPODS: 1.12.1
